// !$*UTF8*$!
{
	archiveVersion = 1;
	classes = {
	};
	objectVersion = 56;
	objects = {

/* Begin PBXBuildFile section */
		71B7000CCAA75C0B7FAD6A3B /* Pods_EasyCart.framework in Frameworks */ = {isa = PBXBuildFile; fileRef = 9F9119F17A08392AA5A5AFB2 /* Pods_EasyCart.framework */; };
		C26D6A102AD67CFF000235A8 /* FittedSheets in Frameworks */ = {isa = PBXBuildFile; productRef = C26D6A0F2AD67CFF000235A8 /* FittedSheets */; };
		C26DA06D2AD7DBDA008C2A37 /* BankPopViewController.swift in Sources */ = {isa = PBXBuildFile; fileRef = C26DA06C2AD7DBDA008C2A37 /* BankPopViewController.swift */; };
		C26DA06F2AD92023008C2A37 /* AllTableViewController.swift in Sources */ = {isa = PBXBuildFile; fileRef = C26DA06E2AD92023008C2A37 /* AllTableViewController.swift */; };
		C26DA0732AD92418008C2A37 /* ForAllitemSec1TableViewCell.swift in Sources */ = {isa = PBXBuildFile; fileRef = C26DA0712AD92418008C2A37 /* ForAllitemSec1TableViewCell.swift */; };
		C26DA0742AD92418008C2A37 /* ForAllitemSec1TableViewCell.xib in Resources */ = {isa = PBXBuildFile; fileRef = C26DA0722AD92418008C2A37 /* ForAllitemSec1TableViewCell.xib */; };
		C26DA0762AD98E7D008C2A37 /* ForAllitemSection.swift in Sources */ = {isa = PBXBuildFile; fileRef = C26DA0752AD98E7D008C2A37 /* ForAllitemSection.swift */; };
		C28BDF962ADE6AD500C5752A /* PopBankTableViewCell.swift in Sources */ = {isa = PBXBuildFile; fileRef = C28BDF942ADE6AD500C5752A /* PopBankTableViewCell.swift */; };
		C28BDF972ADE6AD500C5752A /* PopBankTableViewCell.xib in Resources */ = {isa = PBXBuildFile; fileRef = C28BDF952ADE6AD500C5752A /* PopBankTableViewCell.xib */; };
		C28BDF992ADE6C2000C5752A /* PopBankSetUp.swift in Sources */ = {isa = PBXBuildFile; fileRef = C28BDF982ADE6C2000C5752A /* PopBankSetUp.swift */; };
		C28BDF9B2ADE7D7600C5752A /* Demoable.swift in Sources */ = {isa = PBXBuildFile; fileRef = C28BDF9A2ADE7D7600C5752A /* Demoable.swift */; };
		C28BDF9D2ADE883900C5752A /* Demoable1.swift in Sources */ = {isa = PBXBuildFile; fileRef = C28BDF9C2ADE883900C5752A /* Demoable1.swift */; };
		C2BD61DF2AD3B7A100939CA7 /* EasyCart.xcdatamodeld in Sources */ = {isa = PBXBuildFile; fileRef = C2BD61DD2AD3B7A100939CA7 /* EasyCart.xcdatamodeld */; };
		DFD5E7EE2AD50CB4006E101F /* Kingfisher in Frameworks */ = {isa = PBXBuildFile; productRef = DFD5E7ED2AD50CB4006E101F /* Kingfisher */; };
		DFDB67522AD65046006ECEE7 /* AppDelegate.swift in Sources */ = {isa = PBXBuildFile; fileRef = DFDB67502AD65046006ECEE7 /* AppDelegate.swift */; };
		DFDB67532AD65046006ECEE7 /* SceneDelegate.swift in Sources */ = {isa = PBXBuildFile; fileRef = DFDB67512AD65046006ECEE7 /* SceneDelegate.swift */; };
		DFDB676F2AD6514C006ECEE7 /* SaveViewController.swift in Sources */ = {isa = PBXBuildFile; fileRef = DFDB67582AD6514C006ECEE7 /* SaveViewController.swift */; };
		DFDB67842AD65156006ECEE7 /* ViewController.swift in Sources */ = {isa = PBXBuildFile; fileRef = DFDB677D2AD65156006ECEE7 /* ViewController.swift */; };
		DFDB67862AD65156006ECEE7 /* Assets.xcassets in Resources */ = {isa = PBXBuildFile; fileRef = DFDB677F2AD65156006ECEE7 /* Assets.xcassets */; };
		DFDB67872AD65156006ECEE7 /* LaunchScreen.storyboard in Resources */ = {isa = PBXBuildFile; fileRef = DFDB67802AD65156006ECEE7 /* LaunchScreen.storyboard */; };
		DFDB67882AD65156006ECEE7 /* Main.storyboard in Resources */ = {isa = PBXBuildFile; fileRef = DFDB67822AD65156006ECEE7 /* Main.storyboard */; };
		DFDB678C2AD65167006ECEE7 /* APICaller.swift in Sources */ = {isa = PBXBuildFile; fileRef = DFDB678A2AD65167006ECEE7 /* APICaller.swift */; };
		DFDB678D2AD65167006ECEE7 /* NetworkConstans.swift in Sources */ = {isa = PBXBuildFile; fileRef = DFDB678B2AD65167006ECEE7 /* NetworkConstans.swift */; };
		DFDB67D12AD6517B006ECEE7 /* RecentCollectionNibCell.xib in Resources */ = {isa = PBXBuildFile; fileRef = DFDB67CC2AD6517B006ECEE7 /* RecentCollectionNibCell.xib */; };
		DFDB67D22AD6517B006ECEE7 /* SearchSb.storyboard in Resources */ = {isa = PBXBuildFile; fileRef = DFDB67CD2AD6517B006ECEE7 /* SearchSb.storyboard */; };
		DFDB67D32AD6517B006ECEE7 /* RecentCollectionNibCell.swift in Sources */ = {isa = PBXBuildFile; fileRef = DFDB67CE2AD6517B006ECEE7 /* RecentCollectionNibCell.swift */; };
		DFDB67D42AD6517B006ECEE7 /* SearchController.swift in Sources */ = {isa = PBXBuildFile; fileRef = DFDB67D02AD6517B006ECEE7 /* SearchController.swift */; };
		DFDB67F42AD65787006ECEE7 /* CategoryData.swift in Sources */ = {isa = PBXBuildFile; fileRef = DFDB67D92AD65787006ECEE7 /* CategoryData.swift */; };
		DFDB67F52AD65787006ECEE7 /* CategoryTVC.swift in Sources */ = {isa = PBXBuildFile; fileRef = DFDB67DA2AD65787006ECEE7 /* CategoryTVC.swift */; };
		DFDB67F62AD65787006ECEE7 /* InfoTVC.xib in Resources */ = {isa = PBXBuildFile; fileRef = DFDB67DD2AD65787006ECEE7 /* InfoTVC.xib */; };
		DFDB67F72AD65787006ECEE7 /* InfoTVC.swift in Sources */ = {isa = PBXBuildFile; fileRef = DFDB67DE2AD65787006ECEE7 /* InfoTVC.swift */; };
		DFDB67F82AD65787006ECEE7 /* DiscountTVC.xib in Resources */ = {isa = PBXBuildFile; fileRef = DFDB67E02AD65787006ECEE7 /* DiscountTVC.xib */; };
		DFDB67F92AD65787006ECEE7 /* DiscountTVC.swift in Sources */ = {isa = PBXBuildFile; fileRef = DFDB67E12AD65787006ECEE7 /* DiscountTVC.swift */; };
		DFDB67FA2AD65787006ECEE7 /* Name.swift in Sources */ = {isa = PBXBuildFile; fileRef = DFDB67E22AD65787006ECEE7 /* Name.swift */; };
		DFDB67FB2AD65787006ECEE7 /* Data.swift in Sources */ = {isa = PBXBuildFile; fileRef = DFDB67E42AD65787006ECEE7 /* Data.swift */; };
		DFDB67FC2AD65787006ECEE7 /* CustomeFieldTVC.swift in Sources */ = {isa = PBXBuildFile; fileRef = DFDB67E52AD65787006ECEE7 /* CustomeFieldTVC.swift */; };
		DFDB67FD2AD65787006ECEE7 /* CustomeFieldTVC.xib in Resources */ = {isa = PBXBuildFile; fileRef = DFDB67E62AD65787006ECEE7 /* CustomeFieldTVC.xib */; };
		DFDB67FE2AD65787006ECEE7 /* CollectionImageCVC.xib in Resources */ = {isa = PBXBuildFile; fileRef = DFDB67E92AD65787006ECEE7 /* CollectionImageCVC.xib */; };
		DFDB67FF2AD65787006ECEE7 /* CollectionImageCVC.swift in Sources */ = {isa = PBXBuildFile; fileRef = DFDB67EA2AD65787006ECEE7 /* CollectionImageCVC.swift */; };
		DFDB68002AD65787006ECEE7 /* BeforeAddTVC.swift in Sources */ = {isa = PBXBuildFile; fileRef = DFDB67EB2AD65787006ECEE7 /* BeforeAddTVC.swift */; };
		DFDB68012AD65787006ECEE7 /* ButtonCVC.swift in Sources */ = {isa = PBXBuildFile; fileRef = DFDB67ED2AD65787006ECEE7 /* ButtonCVC.swift */; };
		DFDB68022AD65787006ECEE7 /* ButtonCVC.xib in Resources */ = {isa = PBXBuildFile; fileRef = DFDB67EE2AD65787006ECEE7 /* ButtonCVC.xib */; };
		DFDB68032AD65787006ECEE7 /* CreateItemSB.storyboard in Resources */ = {isa = PBXBuildFile; fileRef = DFDB67F02AD65787006ECEE7 /* CreateItemSB.storyboard */; };
		DFDB68042AD65787006ECEE7 /* CreateItemVC.swift in Sources */ = {isa = PBXBuildFile; fileRef = DFDB67F22AD65787006ECEE7 /* CreateItemVC.swift */; };
		DFDB68052AD65787006ECEE7 /* CategoryTC.swift in Sources */ = {isa = PBXBuildFile; fileRef = DFDB67F32AD65787006ECEE7 /* CategoryTC.swift */; };
		DFDB682B2AD65968006ECEE7 /* CategoryModel.swift in Sources */ = {isa = PBXBuildFile; fileRef = DFDB68202AD65968006ECEE7 /* CategoryModel.swift */; };
		DFDB682C2AD65968006ECEE7 /* TopItemsModel.swift in Sources */ = {isa = PBXBuildFile; fileRef = DFDB68212AD65968006ECEE7 /* TopItemsModel.swift */; };
		DFDB682D2AD65968006ECEE7 /* CategoryCollectionViewCell.swift in Sources */ = {isa = PBXBuildFile; fileRef = DFDB68262AD65968006ECEE7 /* CategoryCollectionViewCell.swift */; };
		DFDB682E2AD65968006ECEE7 /* CategoryCollectionViewCell.xib in Resources */ = {isa = PBXBuildFile; fileRef = DFDB68272AD65968006ECEE7 /* CategoryCollectionViewCell.xib */; };
		DFDB682F2AD65968006ECEE7 /* ExploreTableViewCell.swift in Sources */ = {isa = PBXBuildFile; fileRef = DFDB68292AD65968006ECEE7 /* ExploreTableViewCell.swift */; };
		DFDB68302AD65968006ECEE7 /* ExploreTableViewCell.xib in Resources */ = {isa = PBXBuildFile; fileRef = DFDB682A2AD65968006ECEE7 /* ExploreTableViewCell.xib */; };
		DFDB68332AD65A67006ECEE7 /* Explore.storyboard in Resources */ = {isa = PBXBuildFile; fileRef = DFDB68322AD65A67006ECEE7 /* Explore.storyboard */; };
		DFDB68352AD65B1A006ECEE7 /* ExploreViewController.swift in Sources */ = {isa = PBXBuildFile; fileRef = DFDB68342AD65B1A006ECEE7 /* ExploreViewController.swift */; };
		DFDB68442AD65D67006ECEE7 /* collection.swift in Sources */ = {isa = PBXBuildFile; fileRef = DFDB68382AD65D67006ECEE7 /* collection.swift */; };
		DFDB68452AD65D67006ECEE7 /* CutomCollectionViewCell.xib in Resources */ = {isa = PBXBuildFile; fileRef = DFDB683B2AD65D67006ECEE7 /* CutomCollectionViewCell.xib */; };
		DFDB68462AD65D67006ECEE7 /* TabMainViewController.swift in Sources */ = {isa = PBXBuildFile; fileRef = DFDB683D2AD65D67006ECEE7 /* TabMainViewController.swift */; };
		DFDB68472AD65D67006ECEE7 /* CollectionViewCell.swift in Sources */ = {isa = PBXBuildFile; fileRef = DFDB683E2AD65D67006ECEE7 /* CollectionViewCell.swift */; };
		DFDB68482AD65D67006ECEE7 /* HomeViewController.swift in Sources */ = {isa = PBXBuildFile; fileRef = DFDB683F2AD65D67006ECEE7 /* HomeViewController.swift */; };
		DFDB684A2AD65D67006ECEE7 /* CutomCollectionViewCell.swift in Sources */ = {isa = PBXBuildFile; fileRef = DFDB68412AD65D67006ECEE7 /* CutomCollectionViewCell.swift */; };
		DFDB684B2AD65D67006ECEE7 /* CustomTabBar.swift in Sources */ = {isa = PBXBuildFile; fileRef = DFDB68422AD65D67006ECEE7 /* CustomTabBar.swift */; };
		DFDB684C2AD65D67006ECEE7 /* CollectionViewController.swift in Sources */ = {isa = PBXBuildFile; fileRef = DFDB68432AD65D67006ECEE7 /* CollectionViewController.swift */; };
		DFDB686E2AD65DBA006ECEE7 /* SecondSection.swift in Sources */ = {isa = PBXBuildFile; fileRef = DFDB684F2AD65DBA006ECEE7 /* SecondSection.swift */; };
		DFDB686F2AD65DBA006ECEE7 /* Section2.swift in Sources */ = {isa = PBXBuildFile; fileRef = DFDB68502AD65DBA006ECEE7 /* Section2.swift */; };
		DFDB68702AD65DBA006ECEE7 /* Bank.swift in Sources */ = {isa = PBXBuildFile; fileRef = DFDB68512AD65DBA006ECEE7 /* Bank.swift */; };
		DFDB68712AD65DBA006ECEE7 /* Section1.swift in Sources */ = {isa = PBXBuildFile; fileRef = DFDB68522AD65DBA006ECEE7 /* Section1.swift */; };
		DFDB68722AD65DBA006ECEE7 /* Section3.swift in Sources */ = {isa = PBXBuildFile; fileRef = DFDB68532AD65DBA006ECEE7 /* Section3.swift */; };
		DFDB68732AD65DBA006ECEE7 /* ThirdSection.swift in Sources */ = {isa = PBXBuildFile; fileRef = DFDB68542AD65DBA006ECEE7 /* ThirdSection.swift */; };
		DFDB68742AD65DBA006ECEE7 /* FirstSectionEdit.swift in Sources */ = {isa = PBXBuildFile; fileRef = DFDB68552AD65DBA006ECEE7 /* FirstSectionEdit.swift */; };
		DFDB68752AD65DBA006ECEE7 /* ThirdSectionTableViewCell.xib in Resources */ = {isa = PBXBuildFile; fileRef = DFDB68582AD65DBA006ECEE7 /* ThirdSectionTableViewCell.xib */; };
		DFDB68762AD65DBA006ECEE7 /* Section1TableViewCell.xib in Resources */ = {isa = PBXBuildFile; fileRef = DFDB68592AD65DBA006ECEE7 /* Section1TableViewCell.xib */; };
		DFDB68772AD65DBA006ECEE7 /* SecondSectionTableViewCell.xib in Resources */ = {isa = PBXBuildFile; fileRef = DFDB685A2AD65DBA006ECEE7 /* SecondSectionTableViewCell.xib */; };
		DFDB68782AD65DBA006ECEE7 /* TableViewCell.xib in Resources */ = {isa = PBXBuildFile; fileRef = DFDB685B2AD65DBA006ECEE7 /* TableViewCell.xib */; };
		DFDB68792AD65DBA006ECEE7 /* BankSetupTableViewCell.xib in Resources */ = {isa = PBXBuildFile; fileRef = DFDB685C2AD65DBA006ECEE7 /* BankSetupTableViewCell.xib */; };
		DFDB687A2AD65DBA006ECEE7 /* FirstEditSectionTableViewCell.xib in Resources */ = {isa = PBXBuildFile; fileRef = DFDB685D2AD65DBA006ECEE7 /* FirstEditSectionTableViewCell.xib */; };
		DFDB687B2AD65DBA006ECEE7 /* LogOutTableViewCell.xib in Resources */ = {isa = PBXBuildFile; fileRef = DFDB685E2AD65DBA006ECEE7 /* LogOutTableViewCell.xib */; };
		DFDB687C2AD65DBA006ECEE7 /* ThirdCellsTableViewCell.xib in Resources */ = {isa = PBXBuildFile; fileRef = DFDB685F2AD65DBA006ECEE7 /* ThirdCellsTableViewCell.xib */; };
		DFDB687D2AD65DBA006ECEE7 /* ThirdSectionTableViewCell.swift in Sources */ = {isa = PBXBuildFile; fileRef = DFDB68612AD65DBA006ECEE7 /* ThirdSectionTableViewCell.swift */; };
		DFDB687E2AD65DBA006ECEE7 /* ConnectBankViewController.swift in Sources */ = {isa = PBXBuildFile; fileRef = DFDB68622AD65DBA006ECEE7 /* ConnectBankViewController.swift */; };
		DFDB687F2AD65DBA006ECEE7 /* EditProfileViewController.swift in Sources */ = {isa = PBXBuildFile; fileRef = DFDB68632AD65DBA006ECEE7 /* EditProfileViewController.swift */; };
		DFDB68802AD65DBA006ECEE7 /* Section1TableViewCell.swift in Sources */ = {isa = PBXBuildFile; fileRef = DFDB68642AD65DBA006ECEE7 /* Section1TableViewCell.swift */; };
		DFDB68812AD65DBA006ECEE7 /* TableViewCell.swift in Sources */ = {isa = PBXBuildFile; fileRef = DFDB68652AD65DBA006ECEE7 /* TableViewCell.swift */; };
		DFDB68822AD65DBA006ECEE7 /* LogOutTableViewCell.swift in Sources */ = {isa = PBXBuildFile; fileRef = DFDB68662AD65DBA006ECEE7 /* LogOutTableViewCell.swift */; };
		DFDB68832AD65DBA006ECEE7 /* SecondSectionTableViewCell.swift in Sources */ = {isa = PBXBuildFile; fileRef = DFDB68672AD65DBA006ECEE7 /* SecondSectionTableViewCell.swift */; };
		DFDB68842AD65DBA006ECEE7 /* AllitemViewController.swift in Sources */ = {isa = PBXBuildFile; fileRef = DFDB68682AD65DBA006ECEE7 /* AllitemViewController.swift */; };
		DFDB68852AD65DBA006ECEE7 /* ThirdCellsTableViewCell.swift in Sources */ = {isa = PBXBuildFile; fileRef = DFDB68692AD65DBA006ECEE7 /* ThirdCellsTableViewCell.swift */; };
		DFDB68862AD65DBA006ECEE7 /* BankSetupTableViewCell.swift in Sources */ = {isa = PBXBuildFile; fileRef = DFDB686A2AD65DBA006ECEE7 /* BankSetupTableViewCell.swift */; };
		DFDB68872AD65DBA006ECEE7 /* ProfileViewController.swift in Sources */ = {isa = PBXBuildFile; fileRef = DFDB686B2AD65DBA006ECEE7 /* ProfileViewController.swift */; };
		DFDB68882AD65DBA006ECEE7 /* FirstEditSectionTableViewCell.swift in Sources */ = {isa = PBXBuildFile; fileRef = DFDB686C2AD65DBA006ECEE7 /* FirstEditSectionTableViewCell.swift */; };
		DFDB68892AD65DBA006ECEE7 /* PopLogOutViewController.swift in Sources */ = {isa = PBXBuildFile; fileRef = DFDB686D2AD65DBA006ECEE7 /* PopLogOutViewController.swift */; };
		DFDB688B2AD65E25006ECEE7 /* Storyboard1.storyboard in Resources */ = {isa = PBXBuildFile; fileRef = DFDB688A2AD65E25006ECEE7 /* Storyboard1.storyboard */; };
/* End PBXBuildFile section */

/* Begin PBXFileReference section */
		715820B38BEBF21726B84EF6 /* Pods-EasyCart.debug.xcconfig */ = {isa = PBXFileReference; includeInIndex = 1; lastKnownFileType = text.xcconfig; name = "Pods-EasyCart.debug.xcconfig"; path = "Target Support Files/Pods-EasyCart/Pods-EasyCart.debug.xcconfig"; sourceTree = "<group>"; };
		8751E22DCFDC3B7D611DDBA6 /* Pods-EasyCart.release.xcconfig */ = {isa = PBXFileReference; includeInIndex = 1; lastKnownFileType = text.xcconfig; name = "Pods-EasyCart.release.xcconfig"; path = "Target Support Files/Pods-EasyCart/Pods-EasyCart.release.xcconfig"; sourceTree = "<group>"; };
		9F9119F17A08392AA5A5AFB2 /* Pods_EasyCart.framework */ = {isa = PBXFileReference; explicitFileType = wrapper.framework; includeInIndex = 0; path = Pods_EasyCart.framework; sourceTree = BUILT_PRODUCTS_DIR; };
		C26DA06C2AD7DBDA008C2A37 /* BankPopViewController.swift */ = {isa = PBXFileReference; lastKnownFileType = sourcecode.swift; path = BankPopViewController.swift; sourceTree = "<group>"; };
		C26DA06E2AD92023008C2A37 /* AllTableViewController.swift */ = {isa = PBXFileReference; lastKnownFileType = sourcecode.swift; path = AllTableViewController.swift; sourceTree = "<group>"; };
		C26DA0712AD92418008C2A37 /* ForAllitemSec1TableViewCell.swift */ = {isa = PBXFileReference; lastKnownFileType = sourcecode.swift; path = ForAllitemSec1TableViewCell.swift; sourceTree = "<group>"; };
		C26DA0722AD92418008C2A37 /* ForAllitemSec1TableViewCell.xib */ = {isa = PBXFileReference; lastKnownFileType = file.xib; path = ForAllitemSec1TableViewCell.xib; sourceTree = "<group>"; };
		C26DA0752AD98E7D008C2A37 /* ForAllitemSection.swift */ = {isa = PBXFileReference; lastKnownFileType = sourcecode.swift; path = ForAllitemSection.swift; sourceTree = "<group>"; };
		C28BDF942ADE6AD500C5752A /* PopBankTableViewCell.swift */ = {isa = PBXFileReference; lastKnownFileType = sourcecode.swift; path = PopBankTableViewCell.swift; sourceTree = "<group>"; };
		C28BDF952ADE6AD500C5752A /* PopBankTableViewCell.xib */ = {isa = PBXFileReference; lastKnownFileType = file.xib; path = PopBankTableViewCell.xib; sourceTree = "<group>"; };
		C28BDF982ADE6C2000C5752A /* PopBankSetUp.swift */ = {isa = PBXFileReference; lastKnownFileType = sourcecode.swift; path = PopBankSetUp.swift; sourceTree = "<group>"; };
		C28BDF9A2ADE7D7600C5752A /* Demoable.swift */ = {isa = PBXFileReference; lastKnownFileType = sourcecode.swift; path = Demoable.swift; sourceTree = "<group>"; };
		C28BDF9C2ADE883900C5752A /* Demoable1.swift */ = {isa = PBXFileReference; lastKnownFileType = sourcecode.swift; path = Demoable1.swift; sourceTree = "<group>"; };
		C2BD61D12AD3B7A100939CA7 /* EasyCart.app */ = {isa = PBXFileReference; explicitFileType = wrapper.application; includeInIndex = 0; path = EasyCart.app; sourceTree = BUILT_PRODUCTS_DIR; };
		C2BD61DE2AD3B7A100939CA7 /* EasyCart.xcdatamodel */ = {isa = PBXFileReference; lastKnownFileType = wrapper.xcdatamodel; path = EasyCart.xcdatamodel; sourceTree = "<group>"; };
		C2BD61E52AD3B7A300939CA7 /* Info.plist */ = {isa = PBXFileReference; lastKnownFileType = text.plist.xml; path = Info.plist; sourceTree = "<group>"; };
		DFDB67502AD65046006ECEE7 /* AppDelegate.swift */ = {isa = PBXFileReference; fileEncoding = 4; lastKnownFileType = sourcecode.swift; path = AppDelegate.swift; sourceTree = "<group>"; };
		DFDB67512AD65046006ECEE7 /* SceneDelegate.swift */ = {isa = PBXFileReference; fileEncoding = 4; lastKnownFileType = sourcecode.swift; path = SceneDelegate.swift; sourceTree = "<group>"; };
		DFDB67582AD6514C006ECEE7 /* SaveViewController.swift */ = {isa = PBXFileReference; fileEncoding = 4; lastKnownFileType = sourcecode.swift; path = SaveViewController.swift; sourceTree = "<group>"; };
		DFDB677D2AD65156006ECEE7 /* ViewController.swift */ = {isa = PBXFileReference; fileEncoding = 4; lastKnownFileType = sourcecode.swift; path = ViewController.swift; sourceTree = "<group>"; };
		DFDB677F2AD65156006ECEE7 /* Assets.xcassets */ = {isa = PBXFileReference; lastKnownFileType = folder.assetcatalog; path = Assets.xcassets; sourceTree = "<group>"; };
		DFDB67812AD65156006ECEE7 /* Base */ = {isa = PBXFileReference; lastKnownFileType = file.storyboard; name = Base; path = Base.lproj/LaunchScreen.storyboard; sourceTree = "<group>"; };
		DFDB67832AD65156006ECEE7 /* Base */ = {isa = PBXFileReference; lastKnownFileType = file.storyboard; name = Base; path = Base.lproj/Main.storyboard; sourceTree = "<group>"; };
		DFDB678A2AD65167006ECEE7 /* APICaller.swift */ = {isa = PBXFileReference; fileEncoding = 4; lastKnownFileType = sourcecode.swift; path = APICaller.swift; sourceTree = "<group>"; };
		DFDB678B2AD65167006ECEE7 /* NetworkConstans.swift */ = {isa = PBXFileReference; fileEncoding = 4; lastKnownFileType = sourcecode.swift; path = NetworkConstans.swift; sourceTree = "<group>"; };
		DFDB67CC2AD6517B006ECEE7 /* RecentCollectionNibCell.xib */ = {isa = PBXFileReference; fileEncoding = 4; lastKnownFileType = file.xib; path = RecentCollectionNibCell.xib; sourceTree = "<group>"; };
		DFDB67CD2AD6517B006ECEE7 /* SearchSb.storyboard */ = {isa = PBXFileReference; fileEncoding = 4; lastKnownFileType = file.storyboard; path = SearchSb.storyboard; sourceTree = "<group>"; };
		DFDB67CE2AD6517B006ECEE7 /* RecentCollectionNibCell.swift */ = {isa = PBXFileReference; fileEncoding = 4; lastKnownFileType = sourcecode.swift; path = RecentCollectionNibCell.swift; sourceTree = "<group>"; };
		DFDB67D02AD6517B006ECEE7 /* SearchController.swift */ = {isa = PBXFileReference; fileEncoding = 4; lastKnownFileType = sourcecode.swift; path = SearchController.swift; sourceTree = "<group>"; };
		DFDB67D92AD65787006ECEE7 /* CategoryData.swift */ = {isa = PBXFileReference; fileEncoding = 4; lastKnownFileType = sourcecode.swift; path = CategoryData.swift; sourceTree = "<group>"; };
		DFDB67DA2AD65787006ECEE7 /* CategoryTVC.swift */ = {isa = PBXFileReference; fileEncoding = 4; lastKnownFileType = sourcecode.swift; path = CategoryTVC.swift; sourceTree = "<group>"; };
		DFDB67DD2AD65787006ECEE7 /* InfoTVC.xib */ = {isa = PBXFileReference; fileEncoding = 4; lastKnownFileType = file.xib; path = InfoTVC.xib; sourceTree = "<group>"; };
		DFDB67DE2AD65787006ECEE7 /* InfoTVC.swift */ = {isa = PBXFileReference; fileEncoding = 4; lastKnownFileType = sourcecode.swift; path = InfoTVC.swift; sourceTree = "<group>"; };
		DFDB67E02AD65787006ECEE7 /* DiscountTVC.xib */ = {isa = PBXFileReference; fileEncoding = 4; lastKnownFileType = file.xib; path = DiscountTVC.xib; sourceTree = "<group>"; };
		DFDB67E12AD65787006ECEE7 /* DiscountTVC.swift */ = {isa = PBXFileReference; fileEncoding = 4; lastKnownFileType = sourcecode.swift; path = DiscountTVC.swift; sourceTree = "<group>"; };
		DFDB67E22AD65787006ECEE7 /* Name.swift */ = {isa = PBXFileReference; fileEncoding = 4; lastKnownFileType = sourcecode.swift; path = Name.swift; sourceTree = "<group>"; };
		DFDB67E42AD65787006ECEE7 /* Data.swift */ = {isa = PBXFileReference; fileEncoding = 4; lastKnownFileType = sourcecode.swift; path = Data.swift; sourceTree = "<group>"; };
		DFDB67E52AD65787006ECEE7 /* CustomeFieldTVC.swift */ = {isa = PBXFileReference; fileEncoding = 4; lastKnownFileType = sourcecode.swift; path = CustomeFieldTVC.swift; sourceTree = "<group>"; };
		DFDB67E62AD65787006ECEE7 /* CustomeFieldTVC.xib */ = {isa = PBXFileReference; fileEncoding = 4; lastKnownFileType = file.xib; path = CustomeFieldTVC.xib; sourceTree = "<group>"; };
		DFDB67E92AD65787006ECEE7 /* CollectionImageCVC.xib */ = {isa = PBXFileReference; fileEncoding = 4; lastKnownFileType = file.xib; path = CollectionImageCVC.xib; sourceTree = "<group>"; };
		DFDB67EA2AD65787006ECEE7 /* CollectionImageCVC.swift */ = {isa = PBXFileReference; fileEncoding = 4; lastKnownFileType = sourcecode.swift; path = CollectionImageCVC.swift; sourceTree = "<group>"; };
		DFDB67EB2AD65787006ECEE7 /* BeforeAddTVC.swift */ = {isa = PBXFileReference; fileEncoding = 4; lastKnownFileType = sourcecode.swift; path = BeforeAddTVC.swift; sourceTree = "<group>"; };
		DFDB67ED2AD65787006ECEE7 /* ButtonCVC.swift */ = {isa = PBXFileReference; fileEncoding = 4; lastKnownFileType = sourcecode.swift; path = ButtonCVC.swift; sourceTree = "<group>"; };
		DFDB67EE2AD65787006ECEE7 /* ButtonCVC.xib */ = {isa = PBXFileReference; fileEncoding = 4; lastKnownFileType = file.xib; path = ButtonCVC.xib; sourceTree = "<group>"; };
		DFDB67F02AD65787006ECEE7 /* CreateItemSB.storyboard */ = {isa = PBXFileReference; fileEncoding = 4; lastKnownFileType = file.storyboard; path = CreateItemSB.storyboard; sourceTree = "<group>"; };
		DFDB67F22AD65787006ECEE7 /* CreateItemVC.swift */ = {isa = PBXFileReference; fileEncoding = 4; lastKnownFileType = sourcecode.swift; path = CreateItemVC.swift; sourceTree = "<group>"; };
		DFDB67F32AD65787006ECEE7 /* CategoryTC.swift */ = {isa = PBXFileReference; fileEncoding = 4; lastKnownFileType = sourcecode.swift; path = CategoryTC.swift; sourceTree = "<group>"; };
		DFDB68202AD65968006ECEE7 /* CategoryModel.swift */ = {isa = PBXFileReference; fileEncoding = 4; lastKnownFileType = sourcecode.swift; path = CategoryModel.swift; sourceTree = "<group>"; };
		DFDB68212AD65968006ECEE7 /* TopItemsModel.swift */ = {isa = PBXFileReference; fileEncoding = 4; lastKnownFileType = sourcecode.swift; path = TopItemsModel.swift; sourceTree = "<group>"; };
		DFDB68262AD65968006ECEE7 /* CategoryCollectionViewCell.swift */ = {isa = PBXFileReference; fileEncoding = 4; lastKnownFileType = sourcecode.swift; path = CategoryCollectionViewCell.swift; sourceTree = "<group>"; };
		DFDB68272AD65968006ECEE7 /* CategoryCollectionViewCell.xib */ = {isa = PBXFileReference; fileEncoding = 4; lastKnownFileType = file.xib; path = CategoryCollectionViewCell.xib; sourceTree = "<group>"; };
		DFDB68292AD65968006ECEE7 /* ExploreTableViewCell.swift */ = {isa = PBXFileReference; fileEncoding = 4; lastKnownFileType = sourcecode.swift; path = ExploreTableViewCell.swift; sourceTree = "<group>"; };
		DFDB682A2AD65968006ECEE7 /* ExploreTableViewCell.xib */ = {isa = PBXFileReference; fileEncoding = 4; lastKnownFileType = file.xib; path = ExploreTableViewCell.xib; sourceTree = "<group>"; };
		DFDB68322AD65A67006ECEE7 /* Explore.storyboard */ = {isa = PBXFileReference; fileEncoding = 4; lastKnownFileType = file.storyboard; path = Explore.storyboard; sourceTree = "<group>"; };
		DFDB68342AD65B1A006ECEE7 /* ExploreViewController.swift */ = {isa = PBXFileReference; fileEncoding = 4; lastKnownFileType = sourcecode.swift; path = ExploreViewController.swift; sourceTree = "<group>"; };
		DFDB68382AD65D67006ECEE7 /* collection.swift */ = {isa = PBXFileReference; fileEncoding = 4; lastKnownFileType = sourcecode.swift; path = collection.swift; sourceTree = "<group>"; };
		DFDB683B2AD65D67006ECEE7 /* CutomCollectionViewCell.xib */ = {isa = PBXFileReference; fileEncoding = 4; lastKnownFileType = file.xib; path = CutomCollectionViewCell.xib; sourceTree = "<group>"; };
		DFDB683D2AD65D67006ECEE7 /* TabMainViewController.swift */ = {isa = PBXFileReference; fileEncoding = 4; lastKnownFileType = sourcecode.swift; path = TabMainViewController.swift; sourceTree = "<group>"; };
		DFDB683E2AD65D67006ECEE7 /* CollectionViewCell.swift */ = {isa = PBXFileReference; fileEncoding = 4; lastKnownFileType = sourcecode.swift; path = CollectionViewCell.swift; sourceTree = "<group>"; };
		DFDB683F2AD65D67006ECEE7 /* HomeViewController.swift */ = {isa = PBXFileReference; fileEncoding = 4; lastKnownFileType = sourcecode.swift; path = HomeViewController.swift; sourceTree = "<group>"; };
		DFDB68412AD65D67006ECEE7 /* CutomCollectionViewCell.swift */ = {isa = PBXFileReference; fileEncoding = 4; lastKnownFileType = sourcecode.swift; path = CutomCollectionViewCell.swift; sourceTree = "<group>"; };
		DFDB68422AD65D67006ECEE7 /* CustomTabBar.swift */ = {isa = PBXFileReference; fileEncoding = 4; lastKnownFileType = sourcecode.swift; path = CustomTabBar.swift; sourceTree = "<group>"; };
		DFDB68432AD65D67006ECEE7 /* CollectionViewController.swift */ = {isa = PBXFileReference; fileEncoding = 4; lastKnownFileType = sourcecode.swift; path = CollectionViewController.swift; sourceTree = "<group>"; };
		DFDB684F2AD65DBA006ECEE7 /* SecondSection.swift */ = {isa = PBXFileReference; fileEncoding = 4; lastKnownFileType = sourcecode.swift; path = SecondSection.swift; sourceTree = "<group>"; };
		DFDB68502AD65DBA006ECEE7 /* Section2.swift */ = {isa = PBXFileReference; fileEncoding = 4; lastKnownFileType = sourcecode.swift; path = Section2.swift; sourceTree = "<group>"; };
		DFDB68512AD65DBA006ECEE7 /* Bank.swift */ = {isa = PBXFileReference; fileEncoding = 4; lastKnownFileType = sourcecode.swift; path = Bank.swift; sourceTree = "<group>"; };
		DFDB68522AD65DBA006ECEE7 /* Section1.swift */ = {isa = PBXFileReference; fileEncoding = 4; lastKnownFileType = sourcecode.swift; path = Section1.swift; sourceTree = "<group>"; };
		DFDB68532AD65DBA006ECEE7 /* Section3.swift */ = {isa = PBXFileReference; fileEncoding = 4; lastKnownFileType = sourcecode.swift; path = Section3.swift; sourceTree = "<group>"; };
		DFDB68542AD65DBA006ECEE7 /* ThirdSection.swift */ = {isa = PBXFileReference; fileEncoding = 4; lastKnownFileType = sourcecode.swift; path = ThirdSection.swift; sourceTree = "<group>"; };
		DFDB68552AD65DBA006ECEE7 /* FirstSectionEdit.swift */ = {isa = PBXFileReference; fileEncoding = 4; lastKnownFileType = sourcecode.swift; path = FirstSectionEdit.swift; sourceTree = "<group>"; };
		DFDB68582AD65DBA006ECEE7 /* ThirdSectionTableViewCell.xib */ = {isa = PBXFileReference; fileEncoding = 4; lastKnownFileType = file.xib; path = ThirdSectionTableViewCell.xib; sourceTree = "<group>"; };
		DFDB68592AD65DBA006ECEE7 /* Section1TableViewCell.xib */ = {isa = PBXFileReference; fileEncoding = 4; lastKnownFileType = file.xib; path = Section1TableViewCell.xib; sourceTree = "<group>"; };
		DFDB685A2AD65DBA006ECEE7 /* SecondSectionTableViewCell.xib */ = {isa = PBXFileReference; fileEncoding = 4; lastKnownFileType = file.xib; path = SecondSectionTableViewCell.xib; sourceTree = "<group>"; };
		DFDB685B2AD65DBA006ECEE7 /* TableViewCell.xib */ = {isa = PBXFileReference; fileEncoding = 4; lastKnownFileType = file.xib; path = TableViewCell.xib; sourceTree = "<group>"; };
		DFDB685C2AD65DBA006ECEE7 /* BankSetupTableViewCell.xib */ = {isa = PBXFileReference; fileEncoding = 4; lastKnownFileType = file.xib; path = BankSetupTableViewCell.xib; sourceTree = "<group>"; };
		DFDB685D2AD65DBA006ECEE7 /* FirstEditSectionTableViewCell.xib */ = {isa = PBXFileReference; fileEncoding = 4; lastKnownFileType = file.xib; path = FirstEditSectionTableViewCell.xib; sourceTree = "<group>"; };
		DFDB685E2AD65DBA006ECEE7 /* LogOutTableViewCell.xib */ = {isa = PBXFileReference; fileEncoding = 4; lastKnownFileType = file.xib; path = LogOutTableViewCell.xib; sourceTree = "<group>"; };
		DFDB685F2AD65DBA006ECEE7 /* ThirdCellsTableViewCell.xib */ = {isa = PBXFileReference; fileEncoding = 4; lastKnownFileType = file.xib; path = ThirdCellsTableViewCell.xib; sourceTree = "<group>"; };
		DFDB68612AD65DBA006ECEE7 /* ThirdSectionTableViewCell.swift */ = {isa = PBXFileReference; fileEncoding = 4; lastKnownFileType = sourcecode.swift; path = ThirdSectionTableViewCell.swift; sourceTree = "<group>"; };
		DFDB68622AD65DBA006ECEE7 /* ConnectBankViewController.swift */ = {isa = PBXFileReference; fileEncoding = 4; lastKnownFileType = sourcecode.swift; path = ConnectBankViewController.swift; sourceTree = "<group>"; };
		DFDB68632AD65DBA006ECEE7 /* EditProfileViewController.swift */ = {isa = PBXFileReference; fileEncoding = 4; lastKnownFileType = sourcecode.swift; path = EditProfileViewController.swift; sourceTree = "<group>"; };
		DFDB68642AD65DBA006ECEE7 /* Section1TableViewCell.swift */ = {isa = PBXFileReference; fileEncoding = 4; lastKnownFileType = sourcecode.swift; path = Section1TableViewCell.swift; sourceTree = "<group>"; };
		DFDB68652AD65DBA006ECEE7 /* TableViewCell.swift */ = {isa = PBXFileReference; fileEncoding = 4; lastKnownFileType = sourcecode.swift; path = TableViewCell.swift; sourceTree = "<group>"; };
		DFDB68662AD65DBA006ECEE7 /* LogOutTableViewCell.swift */ = {isa = PBXFileReference; fileEncoding = 4; lastKnownFileType = sourcecode.swift; path = LogOutTableViewCell.swift; sourceTree = "<group>"; };
		DFDB68672AD65DBA006ECEE7 /* SecondSectionTableViewCell.swift */ = {isa = PBXFileReference; fileEncoding = 4; lastKnownFileType = sourcecode.swift; path = SecondSectionTableViewCell.swift; sourceTree = "<group>"; };
		DFDB68682AD65DBA006ECEE7 /* AllitemViewController.swift */ = {isa = PBXFileReference; fileEncoding = 4; lastKnownFileType = sourcecode.swift; path = AllitemViewController.swift; sourceTree = "<group>"; };
		DFDB68692AD65DBA006ECEE7 /* ThirdCellsTableViewCell.swift */ = {isa = PBXFileReference; fileEncoding = 4; lastKnownFileType = sourcecode.swift; path = ThirdCellsTableViewCell.swift; sourceTree = "<group>"; };
		DFDB686A2AD65DBA006ECEE7 /* BankSetupTableViewCell.swift */ = {isa = PBXFileReference; fileEncoding = 4; lastKnownFileType = sourcecode.swift; path = BankSetupTableViewCell.swift; sourceTree = "<group>"; };
		DFDB686B2AD65DBA006ECEE7 /* ProfileViewController.swift */ = {isa = PBXFileReference; fileEncoding = 4; lastKnownFileType = sourcecode.swift; path = ProfileViewController.swift; sourceTree = "<group>"; };
		DFDB686C2AD65DBA006ECEE7 /* FirstEditSectionTableViewCell.swift */ = {isa = PBXFileReference; fileEncoding = 4; lastKnownFileType = sourcecode.swift; path = FirstEditSectionTableViewCell.swift; sourceTree = "<group>"; };
		DFDB686D2AD65DBA006ECEE7 /* PopLogOutViewController.swift */ = {isa = PBXFileReference; fileEncoding = 4; lastKnownFileType = sourcecode.swift; path = PopLogOutViewController.swift; sourceTree = "<group>"; };
		DFDB688A2AD65E25006ECEE7 /* Storyboard1.storyboard */ = {isa = PBXFileReference; fileEncoding = 4; lastKnownFileType = file.storyboard; path = Storyboard1.storyboard; sourceTree = "<group>"; };
/* End PBXFileReference section */

/* Begin PBXFrameworksBuildPhase section */
		C2BD61CE2AD3B7A100939CA7 /* Frameworks */ = {
			isa = PBXFrameworksBuildPhase;
			buildActionMask = 2147483647;
			files = (
				DFD5E7EE2AD50CB4006E101F /* Kingfisher in Frameworks */,
				C26D6A102AD67CFF000235A8 /* FittedSheets in Frameworks */,
				71B7000CCAA75C0B7FAD6A3B /* Pods_EasyCart.framework in Frameworks */,
			);
			runOnlyForDeploymentPostprocessing = 0;
		};
/* End PBXFrameworksBuildPhase section */

/* Begin PBXGroup section */
		4247E8D571EB9320A3CB6A37 /* Frameworks */ = {
			isa = PBXGroup;
			children = (
				9F9119F17A08392AA5A5AFB2 /* Pods_EasyCart.framework */,
			);
			name = Frameworks;
			sourceTree = "<group>";
		};
		642EEE30391A8ED1D2E9DC73 /* Pods */ = {
			isa = PBXGroup;
			children = (
				715820B38BEBF21726B84EF6 /* Pods-EasyCart.debug.xcconfig */,
				8751E22DCFDC3B7D611DDBA6 /* Pods-EasyCart.release.xcconfig */,
			);
			path = Pods;
			sourceTree = "<group>";
		};
		C26DA0702AD92390008C2A37 /* CustomCell */ = {
			isa = PBXGroup;
			children = (
				DFDB68612AD65DBA006ECEE7 /* ThirdSectionTableViewCell.swift */,
				DFDB68642AD65DBA006ECEE7 /* Section1TableViewCell.swift */,
				DFDB68692AD65DBA006ECEE7 /* ThirdCellsTableViewCell.swift */,
				DFDB686C2AD65DBA006ECEE7 /* FirstEditSectionTableViewCell.swift */,
				DFDB68672AD65DBA006ECEE7 /* SecondSectionTableViewCell.swift */,
				DFDB686A2AD65DBA006ECEE7 /* BankSetupTableViewCell.swift */,
				DFDB68652AD65DBA006ECEE7 /* TableViewCell.swift */,
				DFDB68662AD65DBA006ECEE7 /* LogOutTableViewCell.swift */,
				C26DA0712AD92418008C2A37 /* ForAllitemSec1TableViewCell.swift */,
				C28BDF942ADE6AD500C5752A /* PopBankTableViewCell.swift */,
			);
			path = CustomCell;
			sourceTree = "<group>";
		};
		C2BD61C82AD3B7A100939CA7 = {
			isa = PBXGroup;
			children = (
				C2BD61D32AD3B7A100939CA7 /* EasyCart */,
				C2BD61D22AD3B7A100939CA7 /* Products */,
				642EEE30391A8ED1D2E9DC73 /* Pods */,
				4247E8D571EB9320A3CB6A37 /* Frameworks */,
			);
			sourceTree = "<group>";
		};
		C2BD61D22AD3B7A100939CA7 /* Products */ = {
			isa = PBXGroup;
			children = (
				C2BD61D12AD3B7A100939CA7 /* EasyCart.app */,
			);
			name = Products;
			sourceTree = "<group>";
		};
		C2BD61D32AD3B7A100939CA7 /* EasyCart */ = {
			isa = PBXGroup;
			children = (
				DFDB684D2AD65DBA006ECEE7 /* Profile */,
				DFDB67542AD6514C006ECEE7 /* Home */,
				DFDB67D52AD65787006ECEE7 /* Create */,
				DFDB67C92AD6517B006ECEE7 /* Search */,
				DFDB67892AD65167006ECEE7 /* Networking */,
				DFDB677C2AD65156006ECEE7 /* MainView + MainSB + Asset */,
				DFDB674F2AD65046006ECEE7 /* App */,
				C2BD61E52AD3B7A300939CA7 /* Info.plist */,
				C2BD61DD2AD3B7A100939CA7 /* EasyCart.xcdatamodeld */,
			);
			path = EasyCart;
			sourceTree = "<group>";
		};
		DFDB674F2AD65046006ECEE7 /* App */ = {
			isa = PBXGroup;
			children = (
				DFDB67502AD65046006ECEE7 /* AppDelegate.swift */,
				DFDB67512AD65046006ECEE7 /* SceneDelegate.swift */,
			);
			path = App;
			sourceTree = "<group>";
		};
		DFDB67542AD6514C006ECEE7 /* Home */ = {
			isa = PBXGroup;
			children = (
				DFDB68362AD65D67006ECEE7 /* ForYou */,
				DFDB681E2AD65968006ECEE7 /* Explore */,
				DFDB67552AD6514C006ECEE7 /* Saved */,
			);
			path = Home;
			sourceTree = "<group>";
		};
		DFDB67552AD6514C006ECEE7 /* Saved */ = {
			isa = PBXGroup;
			children = (
				DFDB67562AD6514C006ECEE7 /* View */,
			);
			path = Saved;
			sourceTree = "<group>";
		};
		DFDB67562AD6514C006ECEE7 /* View */ = {
			isa = PBXGroup;
			children = (
				DFDB67572AD6514C006ECEE7 /* Controller */,
			);
			path = View;
			sourceTree = "<group>";
		};
		DFDB67572AD6514C006ECEE7 /* Controller */ = {
			isa = PBXGroup;
			children = (
				DFDB67582AD6514C006ECEE7 /* SaveViewController.swift */,
			);
			path = Controller;
			sourceTree = "<group>";
		};
		DFDB677C2AD65156006ECEE7 /* MainView + MainSB + Asset */ = {
			isa = PBXGroup;
			children = (
				DFDB688A2AD65E25006ECEE7 /* Storyboard1.storyboard */,
				DFDB677D2AD65156006ECEE7 /* ViewController.swift */,
				DFDB677F2AD65156006ECEE7 /* Assets.xcassets */,
				DFDB67802AD65156006ECEE7 /* LaunchScreen.storyboard */,
				DFDB67822AD65156006ECEE7 /* Main.storyboard */,
			);
			path = "MainView + MainSB + Asset";
			sourceTree = "<group>";
		};
		DFDB67892AD65167006ECEE7 /* Networking */ = {
			isa = PBXGroup;
			children = (
				DFDB678A2AD65167006ECEE7 /* APICaller.swift */,
				DFDB678B2AD65167006ECEE7 /* NetworkConstans.swift */,
			);
			path = Networking;
			sourceTree = "<group>";
		};
		DFDB67C92AD6517B006ECEE7 /* Search */ = {
			isa = PBXGroup;
			children = (
				DFDB67CA2AD6517B006ECEE7 /* View */,
			);
			path = Search;
			sourceTree = "<group>";
		};
		DFDB67CA2AD6517B006ECEE7 /* View */ = {
			isa = PBXGroup;
			children = (
				DFDB67CB2AD6517B006ECEE7 /* Storyboard */,
				DFDB67CF2AD6517B006ECEE7 /* Controller */,
			);
			path = View;
			sourceTree = "<group>";
		};
		DFDB67CB2AD6517B006ECEE7 /* Storyboard */ = {
			isa = PBXGroup;
			children = (
				DFDB67CC2AD6517B006ECEE7 /* RecentCollectionNibCell.xib */,
				DFDB67CD2AD6517B006ECEE7 /* SearchSb.storyboard */,
				DFDB67CE2AD6517B006ECEE7 /* RecentCollectionNibCell.swift */,
			);
			path = Storyboard;
			sourceTree = "<group>";
		};
		DFDB67CF2AD6517B006ECEE7 /* Controller */ = {
			isa = PBXGroup;
			children = (
				DFDB67D02AD6517B006ECEE7 /* SearchController.swift */,
			);
			path = Controller;
			sourceTree = "<group>";
		};
		DFDB67D52AD65787006ECEE7 /* Create */ = {
			isa = PBXGroup;
			children = (
				DFDB67D62AD65787006ECEE7 /* View */,
			);
			path = Create;
			sourceTree = "<group>";
		};
		DFDB67D62AD65787006ECEE7 /* View */ = {
			isa = PBXGroup;
			children = (
				DFDB67D72AD65787006ECEE7 /* TableCell */,
				DFDB67EF2AD65787006ECEE7 /* Storyboard */,
				DFDB67F12AD65787006ECEE7 /* Controller */,
			);
			path = View;
			sourceTree = "<group>";
		};
		DFDB67D72AD65787006ECEE7 /* TableCell */ = {
			isa = PBXGroup;
			children = (
				DFDB67D82AD65787006ECEE7 /* category */,
				DFDB67DB2AD65787006ECEE7 /* Info */,
				DFDB67E72AD65787006ECEE7 /* photo */,
			);
			path = TableCell;
			sourceTree = "<group>";
		};
		DFDB67D82AD65787006ECEE7 /* category */ = {
			isa = PBXGroup;
			children = (
				DFDB67D92AD65787006ECEE7 /* CategoryData.swift */,
				DFDB67DA2AD65787006ECEE7 /* CategoryTVC.swift */,
			);
			path = category;
			sourceTree = "<group>";
		};
		DFDB67DB2AD65787006ECEE7 /* Info */ = {
			isa = PBXGroup;
			children = (
				DFDB67DC2AD65787006ECEE7 /* category */,
				DFDB67DF2AD65787006ECEE7 /* discount */,
				DFDB67E22AD65787006ECEE7 /* Name.swift */,
				DFDB67E32AD65787006ECEE7 /* titlePrice */,
			);
			path = Info;
			sourceTree = "<group>";
		};
		DFDB67DC2AD65787006ECEE7 /* category */ = {
			isa = PBXGroup;
			children = (
				DFDB67DD2AD65787006ECEE7 /* InfoTVC.xib */,
				DFDB67DE2AD65787006ECEE7 /* InfoTVC.swift */,
			);
			path = category;
			sourceTree = "<group>";
		};
		DFDB67DF2AD65787006ECEE7 /* discount */ = {
			isa = PBXGroup;
			children = (
				DFDB67E02AD65787006ECEE7 /* DiscountTVC.xib */,
				DFDB67E12AD65787006ECEE7 /* DiscountTVC.swift */,
			);
			path = discount;
			sourceTree = "<group>";
		};
		DFDB67E32AD65787006ECEE7 /* titlePrice */ = {
			isa = PBXGroup;
			children = (
				DFDB67E42AD65787006ECEE7 /* Data.swift */,
				DFDB67E52AD65787006ECEE7 /* CustomeFieldTVC.swift */,
				DFDB67E62AD65787006ECEE7 /* CustomeFieldTVC.xib */,
			);
			path = titlePrice;
			sourceTree = "<group>";
		};
		DFDB67E72AD65787006ECEE7 /* photo */ = {
			isa = PBXGroup;
			children = (
				DFDB67E82AD65787006ECEE7 /* collectionImage */,
				DFDB67EB2AD65787006ECEE7 /* BeforeAddTVC.swift */,
				DFDB67EC2AD65787006ECEE7 /* collectionButton */,
			);
			path = photo;
			sourceTree = "<group>";
		};
		DFDB67E82AD65787006ECEE7 /* collectionImage */ = {
			isa = PBXGroup;
			children = (
				DFDB67E92AD65787006ECEE7 /* CollectionImageCVC.xib */,
				DFDB67EA2AD65787006ECEE7 /* CollectionImageCVC.swift */,
			);
			path = collectionImage;
			sourceTree = "<group>";
		};
		DFDB67EC2AD65787006ECEE7 /* collectionButton */ = {
			isa = PBXGroup;
			children = (
				DFDB67ED2AD65787006ECEE7 /* ButtonCVC.swift */,
				DFDB67EE2AD65787006ECEE7 /* ButtonCVC.xib */,
			);
			path = collectionButton;
			sourceTree = "<group>";
		};
		DFDB67EF2AD65787006ECEE7 /* Storyboard */ = {
			isa = PBXGroup;
			children = (
				DFDB67F02AD65787006ECEE7 /* CreateItemSB.storyboard */,
			);
			path = Storyboard;
			sourceTree = "<group>";
		};
		DFDB67F12AD65787006ECEE7 /* Controller */ = {
			isa = PBXGroup;
			children = (
				DFDB67F22AD65787006ECEE7 /* CreateItemVC.swift */,
				DFDB67F32AD65787006ECEE7 /* CategoryTC.swift */,
			);
			path = Controller;
			sourceTree = "<group>";
		};
		DFDB681E2AD65968006ECEE7 /* Explore */ = {
			isa = PBXGroup;
			children = (
				DFDB681F2AD65968006ECEE7 /* Model */,
				DFDB68222AD65968006ECEE7 /* View */,
			);
			path = Explore;
			sourceTree = "<group>";
		};
		DFDB681F2AD65968006ECEE7 /* Model */ = {
			isa = PBXGroup;
			children = (
				DFDB68202AD65968006ECEE7 /* CategoryModel.swift */,
				DFDB68212AD65968006ECEE7 /* TopItemsModel.swift */,
			);
			path = Model;
			sourceTree = "<group>";
		};
		DFDB68222AD65968006ECEE7 /* View */ = {
			isa = PBXGroup;
			children = (
				DFDB68312AD65A67006ECEE7 /* Storyboard */,
				DFDB68232AD65968006ECEE7 /* Controller */,
			);
			path = View;
			sourceTree = "<group>";
		};
		DFDB68232AD65968006ECEE7 /* Controller */ = {
			isa = PBXGroup;
			children = (
				DFDB68342AD65B1A006ECEE7 /* ExploreViewController.swift */,
				DFDB68242AD65968006ECEE7 /* TableCell */,
			);
			path = Controller;
			sourceTree = "<group>";
		};
		DFDB68242AD65968006ECEE7 /* TableCell */ = {
			isa = PBXGroup;
			children = (
				DFDB68252AD65968006ECEE7 /* CategoryCollectionViewCell */,
				DFDB68282AD65968006ECEE7 /* TopItems */,
			);
			path = TableCell;
			sourceTree = "<group>";
		};
		DFDB68252AD65968006ECEE7 /* CategoryCollectionViewCell */ = {
			isa = PBXGroup;
			children = (
				DFDB68262AD65968006ECEE7 /* CategoryCollectionViewCell.swift */,
				DFDB68272AD65968006ECEE7 /* CategoryCollectionViewCell.xib */,
			);
			path = CategoryCollectionViewCell;
			sourceTree = "<group>";
		};
		DFDB68282AD65968006ECEE7 /* TopItems */ = {
			isa = PBXGroup;
			children = (
				DFDB68292AD65968006ECEE7 /* ExploreTableViewCell.swift */,
				DFDB682A2AD65968006ECEE7 /* ExploreTableViewCell.xib */,
			);
			path = TopItems;
			sourceTree = "<group>";
		};
		DFDB68312AD65A67006ECEE7 /* Storyboard */ = {
			isa = PBXGroup;
			children = (
				DFDB68322AD65A67006ECEE7 /* Explore.storyboard */,
			);
			path = Storyboard;
			sourceTree = "<group>";
		};
		DFDB68362AD65D67006ECEE7 /* ForYou */ = {
			isa = PBXGroup;
			children = (
				DFDB68372AD65D67006ECEE7 /* Model */,
				DFDB68392AD65D67006ECEE7 /* View */,
			);
			path = ForYou;
			sourceTree = "<group>";
		};
		DFDB68372AD65D67006ECEE7 /* Model */ = {
			isa = PBXGroup;
			children = (
				DFDB68382AD65D67006ECEE7 /* collection.swift */,
			);
			path = Model;
			sourceTree = "<group>";
		};
		DFDB68392AD65D67006ECEE7 /* View */ = {
			isa = PBXGroup;
			children = (
				DFDB683A2AD65D67006ECEE7 /* Storyboard */,
				DFDB683C2AD65D67006ECEE7 /* Controller */,
			);
			path = View;
			sourceTree = "<group>";
		};
		DFDB683A2AD65D67006ECEE7 /* Storyboard */ = {
			isa = PBXGroup;
			children = (
				DFDB683B2AD65D67006ECEE7 /* CutomCollectionViewCell.xib */,
			);
			path = Storyboard;
			sourceTree = "<group>";
		};
		DFDB683C2AD65D67006ECEE7 /* Controller */ = {
			isa = PBXGroup;
			children = (
				DFDB683D2AD65D67006ECEE7 /* TabMainViewController.swift */,
				DFDB683E2AD65D67006ECEE7 /* CollectionViewCell.swift */,
				DFDB683F2AD65D67006ECEE7 /* HomeViewController.swift */,
				DFDB68412AD65D67006ECEE7 /* CutomCollectionViewCell.swift */,
				DFDB68422AD65D67006ECEE7 /* CustomTabBar.swift */,
				DFDB68432AD65D67006ECEE7 /* CollectionViewController.swift */,
			);
			path = Controller;
			sourceTree = "<group>";
		};
		DFDB684D2AD65DBA006ECEE7 /* Profile */ = {
			isa = PBXGroup;
			children = (
				DFDB684E2AD65DBA006ECEE7 /* Model */,
				DFDB68562AD65DBA006ECEE7 /* View */,
			);
			path = Profile;
			sourceTree = "<group>";
		};
		DFDB684E2AD65DBA006ECEE7 /* Model */ = {
			isa = PBXGroup;
			children = (
				DFDB684F2AD65DBA006ECEE7 /* SecondSection.swift */,
				DFDB68502AD65DBA006ECEE7 /* Section2.swift */,
				DFDB68512AD65DBA006ECEE7 /* Bank.swift */,
				DFDB68522AD65DBA006ECEE7 /* Section1.swift */,
				DFDB68532AD65DBA006ECEE7 /* Section3.swift */,
				DFDB68542AD65DBA006ECEE7 /* ThirdSection.swift */,
				DFDB68552AD65DBA006ECEE7 /* FirstSectionEdit.swift */,
				C26DA0752AD98E7D008C2A37 /* ForAllitemSection.swift */,
				C28BDF982ADE6C2000C5752A /* PopBankSetUp.swift */,
			);
			path = Model;
			sourceTree = "<group>";
		};
		DFDB68562AD65DBA006ECEE7 /* View */ = {
			isa = PBXGroup;
			children = (
				DFDB68572AD65DBA006ECEE7 /* Storyboard */,
				DFDB68602AD65DBA006ECEE7 /* Controller */,
			);
			path = View;
			sourceTree = "<group>";
		};
		DFDB68572AD65DBA006ECEE7 /* Storyboard */ = {
			isa = PBXGroup;
			children = (
				C28BDF952ADE6AD500C5752A /* PopBankTableViewCell.xib */,
				DFDB68582AD65DBA006ECEE7 /* ThirdSectionTableViewCell.xib */,
				DFDB68592AD65DBA006ECEE7 /* Section1TableViewCell.xib */,
				DFDB685A2AD65DBA006ECEE7 /* SecondSectionTableViewCell.xib */,
				DFDB685B2AD65DBA006ECEE7 /* TableViewCell.xib */,
				DFDB685C2AD65DBA006ECEE7 /* BankSetupTableViewCell.xib */,
				DFDB685D2AD65DBA006ECEE7 /* FirstEditSectionTableViewCell.xib */,
				DFDB685E2AD65DBA006ECEE7 /* LogOutTableViewCell.xib */,
				DFDB685F2AD65DBA006ECEE7 /* ThirdCellsTableViewCell.xib */,
				C26DA0722AD92418008C2A37 /* ForAllitemSec1TableViewCell.xib */,
			);
			path = Storyboard;
			sourceTree = "<group>";
		};
		DFDB68602AD65DBA006ECEE7 /* Controller */ = {
			isa = PBXGroup;
			children = (
				C26DA0702AD92390008C2A37 /* CustomCell */,
				DFDB68622AD65DBA006ECEE7 /* ConnectBankViewController.swift */,
				DFDB68632AD65DBA006ECEE7 /* EditProfileViewController.swift */,
				DFDB68682AD65DBA006ECEE7 /* AllitemViewController.swift */,
				DFDB686B2AD65DBA006ECEE7 /* ProfileViewController.swift */,
				DFDB686D2AD65DBA006ECEE7 /* PopLogOutViewController.swift */,
				C26DA06C2AD7DBDA008C2A37 /* BankPopViewController.swift */,
				C26DA06E2AD92023008C2A37 /* AllTableViewController.swift */,
				C28BDF9A2ADE7D7600C5752A /* Demoable.swift */,
				C28BDF9C2ADE883900C5752A /* Demoable1.swift */,
			);
			path = Controller;
			sourceTree = "<group>";
		};
/* End PBXGroup section */

/* Begin PBXNativeTarget section */
		C2BD61D02AD3B7A100939CA7 /* EasyCart */ = {
			isa = PBXNativeTarget;
			buildConfigurationList = C2BD61E82AD3B7A300939CA7 /* Build configuration list for PBXNativeTarget "EasyCart" */;
			buildPhases = (
				3A56BC186CF1AD1BCCB1C207 /* [CP] Check Pods Manifest.lock */,
				C2BD61CD2AD3B7A100939CA7 /* Sources */,
				C2BD61CE2AD3B7A100939CA7 /* Frameworks */,
				C2BD61CF2AD3B7A100939CA7 /* Resources */,
				B7E89664C4D1A15692D4C10D /* [CP] Embed Pods Frameworks */,
			);
			buildRules = (
			);
			dependencies = (
			);
			name = EasyCart;
			packageProductDependencies = (
				DFD5E7ED2AD50CB4006E101F /* Kingfisher */,
				C26D6A0F2AD67CFF000235A8 /* FittedSheets */,
			);
			productName = EasyCart;
			productReference = C2BD61D12AD3B7A100939CA7 /* EasyCart.app */;
			productType = "com.apple.product-type.application";
		};
/* End PBXNativeTarget section */

/* Begin PBXProject section */
		C2BD61C92AD3B7A100939CA7 /* Project object */ = {
			isa = PBXProject;
			attributes = {
				BuildIndependentTargetsInParallel = 1;
				LastSwiftUpdateCheck = 1430;
				LastUpgradeCheck = 1430;
				TargetAttributes = {
					C2BD61D02AD3B7A100939CA7 = {
						CreatedOnToolsVersion = 14.3.1;
						LastSwiftMigration = 1500;
					};
				};
			};
			buildConfigurationList = C2BD61CC2AD3B7A100939CA7 /* Build configuration list for PBXProject "EasyCart" */;
			compatibilityVersion = "Xcode 14.0";
			developmentRegion = en;
			hasScannedForEncodings = 0;
			knownRegions = (
				en,
				Base,
			);
			mainGroup = C2BD61C82AD3B7A100939CA7;
			packageReferences = (
				DFD5E7EC2AD50CB4006E101F /* XCRemoteSwiftPackageReference "Kingfisher" */,
				C26D6A0E2AD67CFF000235A8 /* XCRemoteSwiftPackageReference "FittedSheets" */,
			);
			productRefGroup = C2BD61D22AD3B7A100939CA7 /* Products */;
			projectDirPath = "";
			projectRoot = "";
			targets = (
				C2BD61D02AD3B7A100939CA7 /* EasyCart */,
			);
		};
/* End PBXProject section */

/* Begin PBXResourcesBuildPhase section */
		C2BD61CF2AD3B7A100939CA7 /* Resources */ = {
			isa = PBXResourcesBuildPhase;
			buildActionMask = 2147483647;
			files = (
				DFDB67882AD65156006ECEE7 /* Main.storyboard in Resources */,
				DFDB68782AD65DBA006ECEE7 /* TableViewCell.xib in Resources */,
				DFDB68762AD65DBA006ECEE7 /* Section1TableViewCell.xib in Resources */,
				DFDB68032AD65787006ECEE7 /* CreateItemSB.storyboard in Resources */,
				DFDB67D12AD6517B006ECEE7 /* RecentCollectionNibCell.xib in Resources */,
				DFDB68302AD65968006ECEE7 /* ExploreTableViewCell.xib in Resources */,
				DFDB68772AD65DBA006ECEE7 /* SecondSectionTableViewCell.xib in Resources */,
				DFDB67F62AD65787006ECEE7 /* InfoTVC.xib in Resources */,
				DFDB67D22AD6517B006ECEE7 /* SearchSb.storyboard in Resources */,
				DFDB67F82AD65787006ECEE7 /* DiscountTVC.xib in Resources */,
				DFDB68332AD65A67006ECEE7 /* Explore.storyboard in Resources */,
				DFDB67FE2AD65787006ECEE7 /* CollectionImageCVC.xib in Resources */,
				DFDB68792AD65DBA006ECEE7 /* BankSetupTableViewCell.xib in Resources */,
				C28BDF972ADE6AD500C5752A /* PopBankTableViewCell.xib in Resources */,
				DFDB67872AD65156006ECEE7 /* LaunchScreen.storyboard in Resources */,
				DFDB67FD2AD65787006ECEE7 /* CustomeFieldTVC.xib in Resources */,
				C26DA0742AD92418008C2A37 /* ForAllitemSec1TableViewCell.xib in Resources */,
				DFDB68452AD65D67006ECEE7 /* CutomCollectionViewCell.xib in Resources */,
				DFDB68752AD65DBA006ECEE7 /* ThirdSectionTableViewCell.xib in Resources */,
				DFDB687A2AD65DBA006ECEE7 /* FirstEditSectionTableViewCell.xib in Resources */,
				DFDB68022AD65787006ECEE7 /* ButtonCVC.xib in Resources */,
				DFDB687B2AD65DBA006ECEE7 /* LogOutTableViewCell.xib in Resources */,
				DFDB687C2AD65DBA006ECEE7 /* ThirdCellsTableViewCell.xib in Resources */,
				DFDB682E2AD65968006ECEE7 /* CategoryCollectionViewCell.xib in Resources */,
				DFDB67862AD65156006ECEE7 /* Assets.xcassets in Resources */,
				DFDB688B2AD65E25006ECEE7 /* Storyboard1.storyboard in Resources */,
			);
			runOnlyForDeploymentPostprocessing = 0;
		};
/* End PBXResourcesBuildPhase section */

/* Begin PBXShellScriptBuildPhase section */
		3A56BC186CF1AD1BCCB1C207 /* [CP] Check Pods Manifest.lock */ = {
			isa = PBXShellScriptBuildPhase;
			buildActionMask = 2147483647;
			files = (
			);
			inputFileListPaths = (
			);
			inputPaths = (
				"${PODS_PODFILE_DIR_PATH}/Podfile.lock",
				"${PODS_ROOT}/Manifest.lock",
			);
			name = "[CP] Check Pods Manifest.lock";
			outputFileListPaths = (
			);
			outputPaths = (
				"$(DERIVED_FILE_DIR)/Pods-EasyCart-checkManifestLockResult.txt",
			);
			runOnlyForDeploymentPostprocessing = 0;
			shellPath = /bin/sh;
			shellScript = "diff \"${PODS_PODFILE_DIR_PATH}/Podfile.lock\" \"${PODS_ROOT}/Manifest.lock\" > /dev/null\nif [ $? != 0 ] ; then\n    # print error to STDERR\n    echo \"error: The sandbox is not in sync with the Podfile.lock. Run 'pod install' or update your CocoaPods installation.\" >&2\n    exit 1\nfi\n# This output is used by Xcode 'outputs' to avoid re-running this script phase.\necho \"SUCCESS\" > \"${SCRIPT_OUTPUT_FILE_0}\"\n";
			showEnvVarsInLog = 0;
		};
		B7E89664C4D1A15692D4C10D /* [CP] Embed Pods Frameworks */ = {
			isa = PBXShellScriptBuildPhase;
			buildActionMask = 2147483647;
			files = (
			);
			inputFileListPaths = (
				"${PODS_ROOT}/Target Support Files/Pods-EasyCart/Pods-EasyCart-frameworks-${CONFIGURATION}-input-files.xcfilelist",
			);
			name = "[CP] Embed Pods Frameworks";
			outputFileListPaths = (
				"${PODS_ROOT}/Target Support Files/Pods-EasyCart/Pods-EasyCart-frameworks-${CONFIGURATION}-output-files.xcfilelist",
			);
			runOnlyForDeploymentPostprocessing = 0;
			shellPath = /bin/sh;
			shellScript = "\"${PODS_ROOT}/Target Support Files/Pods-EasyCart/Pods-EasyCart-frameworks.sh\"\n";
			showEnvVarsInLog = 0;
		};
/* End PBXShellScriptBuildPhase section */

/* Begin PBXSourcesBuildPhase section */
		C2BD61CD2AD3B7A100939CA7 /* Sources */ = {
			isa = PBXSourcesBuildPhase;
			buildActionMask = 2147483647;
			files = (
				DFDB687F2AD65DBA006ECEE7 /* EditProfileViewController.swift in Sources */,
				DFDB682C2AD65968006ECEE7 /* TopItemsModel.swift in Sources */,
				DFDB67522AD65046006ECEE7 /* AppDelegate.swift in Sources */,
				DFDB686E2AD65DBA006ECEE7 /* SecondSection.swift in Sources */,
				DFDB676F2AD6514C006ECEE7 /* SaveViewController.swift in Sources */,
				DFDB68852AD65DBA006ECEE7 /* ThirdCellsTableViewCell.swift in Sources */,
				DFDB68722AD65DBA006ECEE7 /* Section3.swift in Sources */,
				DFDB68462AD65D67006ECEE7 /* TabMainViewController.swift in Sources */,
				DFDB67D42AD6517B006ECEE7 /* SearchController.swift in Sources */,
				DFDB684C2AD65D67006ECEE7 /* CollectionViewController.swift in Sources */,
				DFDB68872AD65DBA006ECEE7 /* ProfileViewController.swift in Sources */,
				C28BDF962ADE6AD500C5752A /* PopBankTableViewCell.swift in Sources */,
				DFDB678D2AD65167006ECEE7 /* NetworkConstans.swift in Sources */,
				DFDB68042AD65787006ECEE7 /* CreateItemVC.swift in Sources */,
				DFDB67F42AD65787006ECEE7 /* CategoryData.swift in Sources */,
				C26DA0732AD92418008C2A37 /* ForAllitemSec1TableViewCell.swift in Sources */,
				DFDB68862AD65DBA006ECEE7 /* BankSetupTableViewCell.swift in Sources */,
				DFDB68842AD65DBA006ECEE7 /* AllitemViewController.swift in Sources */,
				DFDB68052AD65787006ECEE7 /* CategoryTC.swift in Sources */,
				DFDB68882AD65DBA006ECEE7 /* FirstEditSectionTableViewCell.swift in Sources */,
				DFDB68712AD65DBA006ECEE7 /* Section1.swift in Sources */,
				DFDB682B2AD65968006ECEE7 /* CategoryModel.swift in Sources */,
				C26DA06F2AD92023008C2A37 /* AllTableViewController.swift in Sources */,
				DFDB682F2AD65968006ECEE7 /* ExploreTableViewCell.swift in Sources */,
				DFDB684B2AD65D67006ECEE7 /* CustomTabBar.swift in Sources */,
				DFDB67F52AD65787006ECEE7 /* CategoryTVC.swift in Sources */,
				DFDB68822AD65DBA006ECEE7 /* LogOutTableViewCell.swift in Sources */,
				DFDB67FA2AD65787006ECEE7 /* Name.swift in Sources */,
				DFDB68742AD65DBA006ECEE7 /* FirstSectionEdit.swift in Sources */,
				DFDB686F2AD65DBA006ECEE7 /* Section2.swift in Sources */,
				DFDB67842AD65156006ECEE7 /* ViewController.swift in Sources */,
				DFDB682D2AD65968006ECEE7 /* CategoryCollectionViewCell.swift in Sources */,
				DFDB68472AD65D67006ECEE7 /* CollectionViewCell.swift in Sources */,
				DFDB68802AD65DBA006ECEE7 /* Section1TableViewCell.swift in Sources */,
				C26DA06D2AD7DBDA008C2A37 /* BankPopViewController.swift in Sources */,
				C2BD61DF2AD3B7A100939CA7 /* EasyCart.xcdatamodeld in Sources */,
				DFDB684A2AD65D67006ECEE7 /* CutomCollectionViewCell.swift in Sources */,
				C28BDF992ADE6C2000C5752A /* PopBankSetUp.swift in Sources */,
				DFDB687D2AD65DBA006ECEE7 /* ThirdSectionTableViewCell.swift in Sources */,
				DFDB68002AD65787006ECEE7 /* BeforeAddTVC.swift in Sources */,
				DFDB67F72AD65787006ECEE7 /* InfoTVC.swift in Sources */,
				DFDB67D32AD6517B006ECEE7 /* RecentCollectionNibCell.swift in Sources */,
				C28BDF9B2ADE7D7600C5752A /* Demoable.swift in Sources */,
				DFDB67FB2AD65787006ECEE7 /* Data.swift in Sources */,
				DFDB68892AD65DBA006ECEE7 /* PopLogOutViewController.swift in Sources */,
				DFDB67532AD65046006ECEE7 /* SceneDelegate.swift in Sources */,
				DFDB68732AD65DBA006ECEE7 /* ThirdSection.swift in Sources */,
				DFDB68352AD65B1A006ECEE7 /* ExploreViewController.swift in Sources */,
				DFDB67FC2AD65787006ECEE7 /* CustomeFieldTVC.swift in Sources */,
				C28BDF9D2ADE883900C5752A /* Demoable1.swift in Sources */,
				DFDB67FF2AD65787006ECEE7 /* CollectionImageCVC.swift in Sources */,
				DFDB678C2AD65167006ECEE7 /* APICaller.swift in Sources */,
				C26DA0762AD98E7D008C2A37 /* ForAllitemSection.swift in Sources */,
				DFDB687E2AD65DBA006ECEE7 /* ConnectBankViewController.swift in Sources */,
				DFDB68702AD65DBA006ECEE7 /* Bank.swift in Sources */,
				DFDB68482AD65D67006ECEE7 /* HomeViewController.swift in Sources */,
				DFDB67F92AD65787006ECEE7 /* DiscountTVC.swift in Sources */,
				DFDB68012AD65787006ECEE7 /* ButtonCVC.swift in Sources */,
				DFDB68442AD65D67006ECEE7 /* collection.swift in Sources */,
				DFDB68832AD65DBA006ECEE7 /* SecondSectionTableViewCell.swift in Sources */,
				DFDB68812AD65DBA006ECEE7 /* TableViewCell.swift in Sources */,
			);
			runOnlyForDeploymentPostprocessing = 0;
		};
/* End PBXSourcesBuildPhase section */

/* Begin PBXVariantGroup section */
		DFDB67802AD65156006ECEE7 /* LaunchScreen.storyboard */ = {
			isa = PBXVariantGroup;
			children = (
				DFDB67812AD65156006ECEE7 /* Base */,
			);
			name = LaunchScreen.storyboard;
			sourceTree = "<group>";
		};
		DFDB67822AD65156006ECEE7 /* Main.storyboard */ = {
			isa = PBXVariantGroup;
			children = (
				DFDB67832AD65156006ECEE7 /* Base */,
			);
			name = Main.storyboard;
			sourceTree = "<group>";
		};
/* End PBXVariantGroup section */

/* Begin XCBuildConfiguration section */
		C2BD61E62AD3B7A300939CA7 /* Debug */ = {
			isa = XCBuildConfiguration;
			buildSettings = {
				ALWAYS_SEARCH_USER_PATHS = NO;
				CLANG_ANALYZER_NONNULL = YES;
				CLANG_ANALYZER_NUMBER_OBJECT_CONVERSION = YES_AGGRESSIVE;
				CLANG_CXX_LANGUAGE_STANDARD = "gnu++20";
				CLANG_ENABLE_MODULES = YES;
				CLANG_ENABLE_OBJC_ARC = YES;
				CLANG_ENABLE_OBJC_WEAK = YES;
				CLANG_WARN_BLOCK_CAPTURE_AUTORELEASING = YES;
				CLANG_WARN_BOOL_CONVERSION = YES;
				CLANG_WARN_COMMA = YES;
				CLANG_WARN_CONSTANT_CONVERSION = YES;
				CLANG_WARN_DEPRECATED_OBJC_IMPLEMENTATIONS = YES;
				CLANG_WARN_DIRECT_OBJC_ISA_USAGE = YES_ERROR;
				CLANG_WARN_DOCUMENTATION_COMMENTS = YES;
				CLANG_WARN_EMPTY_BODY = YES;
				CLANG_WARN_ENUM_CONVERSION = YES;
				CLANG_WARN_INFINITE_RECURSION = YES;
				CLANG_WARN_INT_CONVERSION = YES;
				CLANG_WARN_NON_LITERAL_NULL_CONVERSION = YES;
				CLANG_WARN_OBJC_IMPLICIT_RETAIN_SELF = YES;
				CLANG_WARN_OBJC_LITERAL_CONVERSION = YES;
				CLANG_WARN_OBJC_ROOT_CLASS = YES_ERROR;
				CLANG_WARN_QUOTED_INCLUDE_IN_FRAMEWORK_HEADER = YES;
				CLANG_WARN_RANGE_LOOP_ANALYSIS = YES;
				CLANG_WARN_STRICT_PROTOTYPES = YES;
				CLANG_WARN_SUSPICIOUS_MOVE = YES;
				CLANG_WARN_UNGUARDED_AVAILABILITY = YES_AGGRESSIVE;
				CLANG_WARN_UNREACHABLE_CODE = YES;
				CLANG_WARN__DUPLICATE_METHOD_MATCH = YES;
				COPY_PHASE_STRIP = NO;
				DEBUG_INFORMATION_FORMAT = dwarf;
				ENABLE_STRICT_OBJC_MSGSEND = YES;
				ENABLE_TESTABILITY = YES;
				GCC_C_LANGUAGE_STANDARD = gnu11;
				GCC_DYNAMIC_NO_PIC = NO;
				GCC_NO_COMMON_BLOCKS = YES;
				GCC_OPTIMIZATION_LEVEL = 0;
				GCC_PREPROCESSOR_DEFINITIONS = (
					"DEBUG=1",
					"$(inherited)",
				);
				GCC_WARN_64_TO_32_BIT_CONVERSION = YES;
				GCC_WARN_ABOUT_RETURN_TYPE = YES_ERROR;
				GCC_WARN_UNDECLARED_SELECTOR = YES;
				GCC_WARN_UNINITIALIZED_AUTOS = YES_AGGRESSIVE;
				GCC_WARN_UNUSED_FUNCTION = YES;
				GCC_WARN_UNUSED_VARIABLE = YES;
				IPHONEOS_DEPLOYMENT_TARGET = 16.4;
				MTL_ENABLE_DEBUG_INFO = INCLUDE_SOURCE;
				MTL_FAST_MATH = YES;
				ONLY_ACTIVE_ARCH = YES;
				SDKROOT = iphoneos;
				SWIFT_ACTIVE_COMPILATION_CONDITIONS = DEBUG;
				SWIFT_OPTIMIZATION_LEVEL = "-Onone";
			};
			name = Debug;
		};
		C2BD61E72AD3B7A300939CA7 /* Release */ = {
			isa = XCBuildConfiguration;
			buildSettings = {
				ALWAYS_SEARCH_USER_PATHS = NO;
				CLANG_ANALYZER_NONNULL = YES;
				CLANG_ANALYZER_NUMBER_OBJECT_CONVERSION = YES_AGGRESSIVE;
				CLANG_CXX_LANGUAGE_STANDARD = "gnu++20";
				CLANG_ENABLE_MODULES = YES;
				CLANG_ENABLE_OBJC_ARC = YES;
				CLANG_ENABLE_OBJC_WEAK = YES;
				CLANG_WARN_BLOCK_CAPTURE_AUTORELEASING = YES;
				CLANG_WARN_BOOL_CONVERSION = YES;
				CLANG_WARN_COMMA = YES;
				CLANG_WARN_CONSTANT_CONVERSION = YES;
				CLANG_WARN_DEPRECATED_OBJC_IMPLEMENTATIONS = YES;
				CLANG_WARN_DIRECT_OBJC_ISA_USAGE = YES_ERROR;
				CLANG_WARN_DOCUMENTATION_COMMENTS = YES;
				CLANG_WARN_EMPTY_BODY = YES;
				CLANG_WARN_ENUM_CONVERSION = YES;
				CLANG_WARN_INFINITE_RECURSION = YES;
				CLANG_WARN_INT_CONVERSION = YES;
				CLANG_WARN_NON_LITERAL_NULL_CONVERSION = YES;
				CLANG_WARN_OBJC_IMPLICIT_RETAIN_SELF = YES;
				CLANG_WARN_OBJC_LITERAL_CONVERSION = YES;
				CLANG_WARN_OBJC_ROOT_CLASS = YES_ERROR;
				CLANG_WARN_QUOTED_INCLUDE_IN_FRAMEWORK_HEADER = YES;
				CLANG_WARN_RANGE_LOOP_ANALYSIS = YES;
				CLANG_WARN_STRICT_PROTOTYPES = YES;
				CLANG_WARN_SUSPICIOUS_MOVE = YES;
				CLANG_WARN_UNGUARDED_AVAILABILITY = YES_AGGRESSIVE;
				CLANG_WARN_UNREACHABLE_CODE = YES;
				CLANG_WARN__DUPLICATE_METHOD_MATCH = YES;
				COPY_PHASE_STRIP = NO;
				DEBUG_INFORMATION_FORMAT = "dwarf-with-dsym";
				ENABLE_NS_ASSERTIONS = NO;
				ENABLE_STRICT_OBJC_MSGSEND = YES;
				GCC_C_LANGUAGE_STANDARD = gnu11;
				GCC_NO_COMMON_BLOCKS = YES;
				GCC_WARN_64_TO_32_BIT_CONVERSION = YES;
				GCC_WARN_ABOUT_RETURN_TYPE = YES_ERROR;
				GCC_WARN_UNDECLARED_SELECTOR = YES;
				GCC_WARN_UNINITIALIZED_AUTOS = YES_AGGRESSIVE;
				GCC_WARN_UNUSED_FUNCTION = YES;
				GCC_WARN_UNUSED_VARIABLE = YES;
				IPHONEOS_DEPLOYMENT_TARGET = 16.4;
				MTL_ENABLE_DEBUG_INFO = NO;
				MTL_FAST_MATH = YES;
				SDKROOT = iphoneos;
				SWIFT_COMPILATION_MODE = wholemodule;
				SWIFT_OPTIMIZATION_LEVEL = "-O";
				VALIDATE_PRODUCT = YES;
			};
			name = Release;
		};
		C2BD61E92AD3B7A300939CA7 /* Debug */ = {
			isa = XCBuildConfiguration;
			baseConfigurationReference = 715820B38BEBF21726B84EF6 /* Pods-EasyCart.debug.xcconfig */;
			buildSettings = {
				ASSETCATALOG_COMPILER_APPICON_NAME = AppIcon;
				ASSETCATALOG_COMPILER_GLOBAL_ACCENT_COLOR_NAME = AccentColor;
				CLANG_ENABLE_MODULES = YES;
				CODE_SIGN_IDENTITY = "Apple Development";
				CODE_SIGN_STYLE = Manual;
				CURRENT_PROJECT_VERSION = 1;
				DEVELOPMENT_TEAM = "";
				GENERATE_INFOPLIST_FILE = YES;
				INFOPLIST_FILE = EasyCart/Info.plist;
				INFOPLIST_KEY_UIApplicationSupportsIndirectInputEvents = YES;
				INFOPLIST_KEY_UILaunchStoryboardName = LaunchScreen;
				INFOPLIST_KEY_UIMainStoryboardFile = Main;
				INFOPLIST_KEY_UISupportedInterfaceOrientations_iPad = "UIInterfaceOrientationPortrait UIInterfaceOrientationPortraitUpsideDown UIInterfaceOrientationLandscapeLeft UIInterfaceOrientationLandscapeRight";
				INFOPLIST_KEY_UISupportedInterfaceOrientations_iPhone = "UIInterfaceOrientationPortrait UIInterfaceOrientationLandscapeLeft UIInterfaceOrientationLandscapeRight";
				IPHONEOS_DEPLOYMENT_TARGET = 13.0;
				LD_RUNPATH_SEARCH_PATHS = (
					"$(inherited)",
					"@executable_path/Frameworks",
				);
				MARKETING_VERSION = 1.0;
				PRODUCT_BUNDLE_IDENTIFIER = com.UiKit.EasyCart;
				PRODUCT_NAME = "$(TARGET_NAME)";
				PROVISIONING_PROFILE_SPECIFIER = "";
				SWIFT_EMIT_LOC_STRINGS = YES;
				SWIFT_OBJC_BRIDGING_HEADER = "";
				SWIFT_OPTIMIZATION_LEVEL = "-Onone";
				SWIFT_VERSION = 5.0;
				TARGETED_DEVICE_FAMILY = "1,2";
			};
			name = Debug;
		};
		C2BD61EA2AD3B7A300939CA7 /* Release */ = {
			isa = XCBuildConfiguration;
			baseConfigurationReference = 8751E22DCFDC3B7D611DDBA6 /* Pods-EasyCart.release.xcconfig */;
			buildSettings = {
				ASSETCATALOG_COMPILER_APPICON_NAME = AppIcon;
				ASSETCATALOG_COMPILER_GLOBAL_ACCENT_COLOR_NAME = AccentColor;
				CLANG_ENABLE_MODULES = YES;
				CODE_SIGN_IDENTITY = "Apple Development";
				CODE_SIGN_STYLE = Manual;
				CURRENT_PROJECT_VERSION = 1;
				DEVELOPMENT_TEAM = "";
				GENERATE_INFOPLIST_FILE = YES;
				INFOPLIST_FILE = EasyCart/Info.plist;
				INFOPLIST_KEY_UIApplicationSupportsIndirectInputEvents = YES;
				INFOPLIST_KEY_UILaunchStoryboardName = LaunchScreen;
				INFOPLIST_KEY_UIMainStoryboardFile = Main;
				INFOPLIST_KEY_UISupportedInterfaceOrientations_iPad = "UIInterfaceOrientationPortrait UIInterfaceOrientationPortraitUpsideDown UIInterfaceOrientationLandscapeLeft UIInterfaceOrientationLandscapeRight";
				INFOPLIST_KEY_UISupportedInterfaceOrientations_iPhone = "UIInterfaceOrientationPortrait UIInterfaceOrientationLandscapeLeft UIInterfaceOrientationLandscapeRight";
				IPHONEOS_DEPLOYMENT_TARGET = 13.0;
				LD_RUNPATH_SEARCH_PATHS = (
					"$(inherited)",
					"@executable_path/Frameworks",
				);
				MARKETING_VERSION = 1.0;
				PRODUCT_BUNDLE_IDENTIFIER = com.UiKit.EasyCart;
				PRODUCT_NAME = "$(TARGET_NAME)";
				PROVISIONING_PROFILE_SPECIFIER = "";
				SWIFT_EMIT_LOC_STRINGS = YES;
				SWIFT_OBJC_BRIDGING_HEADER = "";
				SWIFT_VERSION = 5.0;
				TARGETED_DEVICE_FAMILY = "1,2";
			};
			name = Release;
		};
/* End XCBuildConfiguration section */

/* Begin XCConfigurationList section */
		C2BD61CC2AD3B7A100939CA7 /* Build configuration list for PBXProject "EasyCart" */ = {
			isa = XCConfigurationList;
			buildConfigurations = (
				C2BD61E62AD3B7A300939CA7 /* Debug */,
				C2BD61E72AD3B7A300939CA7 /* Release */,
			);
			defaultConfigurationIsVisible = 0;
			defaultConfigurationName = Release;
		};
		C2BD61E82AD3B7A300939CA7 /* Build configuration list for PBXNativeTarget "EasyCart" */ = {
			isa = XCConfigurationList;
			buildConfigurations = (
				C2BD61E92AD3B7A300939CA7 /* Debug */,
				C2BD61EA2AD3B7A300939CA7 /* Release */,
			);
			defaultConfigurationIsVisible = 0;
			defaultConfigurationName = Release;
		};
/* End XCConfigurationList section */

/* Begin XCRemoteSwiftPackageReference section */
		C26D6A0E2AD67CFF000235A8 /* XCRemoteSwiftPackageReference "FittedSheets" */ = {
			isa = XCRemoteSwiftPackageReference;
			repositoryURL = "https://github.com/gordontucker/FittedSheets.git";
			requirement = {
				kind = upToNextMajorVersion;
				minimumVersion = 2.0.0;
			};
		};
		DFD5E7EC2AD50CB4006E101F /* XCRemoteSwiftPackageReference "Kingfisher" */ = {
			isa = XCRemoteSwiftPackageReference;
			repositoryURL = "https://github.com/onevcat/Kingfisher.git";
			requirement = {
				kind = upToNextMajorVersion;
				minimumVersion = 7.9.1;
			};
		};
/* End XCRemoteSwiftPackageReference section */

/* Begin XCSwiftPackageProductDependency section */
		C26D6A0F2AD67CFF000235A8 /* FittedSheets */ = {
			isa = XCSwiftPackageProductDependency;
			package = C26D6A0E2AD67CFF000235A8 /* XCRemoteSwiftPackageReference "FittedSheets" */;
			productName = FittedSheets;
		};
		DFD5E7ED2AD50CB4006E101F /* Kingfisher */ = {
			isa = XCSwiftPackageProductDependency;
			package = DFD5E7EC2AD50CB4006E101F /* XCRemoteSwiftPackageReference "Kingfisher" */;
			productName = Kingfisher;
		};
/* End XCSwiftPackageProductDependency section */

/* Begin XCVersionGroup section */
		C2BD61DD2AD3B7A100939CA7 /* EasyCart.xcdatamodeld */ = {
			isa = XCVersionGroup;
			children = (
				C2BD61DE2AD3B7A100939CA7 /* EasyCart.xcdatamodel */,
			);
			currentVersion = C2BD61DE2AD3B7A100939CA7 /* EasyCart.xcdatamodel */;
			path = EasyCart.xcdatamodeld;
			sourceTree = "<group>";
			versionGroupType = wrapper.xcdatamodel;
		};
/* End XCVersionGroup section */
	};
	rootObject = C2BD61C92AD3B7A100939CA7 /* Project object */;
}
