// !$*UTF8*$!
{
	archiveVersion = 1;
	classes = {
	};
	objectVersion = 56;
	objects = {

/* Begin PBXBuildFile section */
		71B7000CCAA75C0B7FAD6A3B /* Pods_EasyCart.framework in Frameworks */ = {isa = PBXBuildFile; fileRef = 9F9119F17A08392AA5A5AFB2 /* Pods_EasyCart.framework */; };
		C2BD61DF2AD3B7A100939CA7 /* EasyCart.xcdatamodeld in Sources */ = {isa = PBXBuildFile; fileRef = C2BD61DD2AD3B7A100939CA7 /* EasyCart.xcdatamodeld */; };
		DFD5E7602AD50650006E101F /* AppDelegate.swift in Sources */ = {isa = PBXBuildFile; fileRef = DFD5E7142AD50650006E101F /* AppDelegate.swift */; };
		DFD5E7612AD50650006E101F /* SceneDelegate.swift in Sources */ = {isa = PBXBuildFile; fileRef = DFD5E7152AD50650006E101F /* SceneDelegate.swift */; };
		DFD5E7622AD50650006E101F /* ViewController.swift in Sources */ = {isa = PBXBuildFile; fileRef = DFD5E7172AD50650006E101F /* ViewController.swift */; };
		DFD5E7632AD50650006E101F /* Storyboard1.storyboard in Resources */ = {isa = PBXBuildFile; fileRef = DFD5E7182AD50650006E101F /* Storyboard1.storyboard */; };
		DFD5E7642AD50650006E101F /* Assets.xcassets in Resources */ = {isa = PBXBuildFile; fileRef = DFD5E7192AD50650006E101F /* Assets.xcassets */; };
		DFD5E7652AD50650006E101F /* LaunchScreen.storyboard in Resources */ = {isa = PBXBuildFile; fileRef = DFD5E71A2AD50650006E101F /* LaunchScreen.storyboard */; };
		DFD5E7662AD50650006E101F /* Main.storyboard in Resources */ = {isa = PBXBuildFile; fileRef = DFD5E71C2AD50650006E101F /* Main.storyboard */; };
		DFD5E7672AD50650006E101F /* APICaller.swift in Sources */ = {isa = PBXBuildFile; fileRef = DFD5E71F2AD50650006E101F /* APICaller.swift */; };
		DFD5E7682AD50650006E101F /* NetworkConstans.swift in Sources */ = {isa = PBXBuildFile; fileRef = DFD5E7202AD50650006E101F /* NetworkConstans.swift */; };
		DFD5E7692AD50650006E101F /* SecondSection.swift in Sources */ = {isa = PBXBuildFile; fileRef = DFD5E7232AD50650006E101F /* SecondSection.swift */; };
		DFD5E76A2AD50650006E101F /* Section2.swift in Sources */ = {isa = PBXBuildFile; fileRef = DFD5E7242AD50650006E101F /* Section2.swift */; };
		DFD5E76B2AD50650006E101F /* Bank.swift in Sources */ = {isa = PBXBuildFile; fileRef = DFD5E7252AD50650006E101F /* Bank.swift */; };
		DFD5E76C2AD50650006E101F /* Section1.swift in Sources */ = {isa = PBXBuildFile; fileRef = DFD5E7262AD50650006E101F /* Section1.swift */; };
		DFD5E76D2AD50650006E101F /* Section3.swift in Sources */ = {isa = PBXBuildFile; fileRef = DFD5E7272AD50650006E101F /* Section3.swift */; };
		DFD5E76E2AD50650006E101F /* ThirdSection.swift in Sources */ = {isa = PBXBuildFile; fileRef = DFD5E7282AD50650006E101F /* ThirdSection.swift */; };
		DFD5E76F2AD50650006E101F /* FirstSectionEdit.swift in Sources */ = {isa = PBXBuildFile; fileRef = DFD5E7292AD50650006E101F /* FirstSectionEdit.swift */; };
		DFD5E7702AD50650006E101F /* ThirdSectionTableViewCell.xib in Resources */ = {isa = PBXBuildFile; fileRef = DFD5E72C2AD50650006E101F /* ThirdSectionTableViewCell.xib */; };
		DFD5E7712AD50650006E101F /* Section1TableViewCell.xib in Resources */ = {isa = PBXBuildFile; fileRef = DFD5E72D2AD50650006E101F /* Section1TableViewCell.xib */; };
		DFD5E7722AD50650006E101F /* SecondSectionTableViewCell.xib in Resources */ = {isa = PBXBuildFile; fileRef = DFD5E72E2AD50650006E101F /* SecondSectionTableViewCell.xib */; };
		DFD5E7732AD50650006E101F /* TableViewCell.xib in Resources */ = {isa = PBXBuildFile; fileRef = DFD5E72F2AD50650006E101F /* TableViewCell.xib */; };
		DFD5E7742AD50650006E101F /* BankSetupTableViewCell.xib in Resources */ = {isa = PBXBuildFile; fileRef = DFD5E7302AD50650006E101F /* BankSetupTableViewCell.xib */; };
		DFD5E7752AD50650006E101F /* FirstEditSectionTableViewCell.xib in Resources */ = {isa = PBXBuildFile; fileRef = DFD5E7312AD50650006E101F /* FirstEditSectionTableViewCell.xib */; };
		DFD5E7762AD50650006E101F /* LogOutTableViewCell.xib in Resources */ = {isa = PBXBuildFile; fileRef = DFD5E7322AD50650006E101F /* LogOutTableViewCell.xib */; };
		DFD5E7772AD50650006E101F /* ThirdCellsTableViewCell.xib in Resources */ = {isa = PBXBuildFile; fileRef = DFD5E7332AD50650006E101F /* ThirdCellsTableViewCell.xib */; };
		DFD5E7782AD50650006E101F /* ThirdSectionTableViewCell.swift in Sources */ = {isa = PBXBuildFile; fileRef = DFD5E7352AD50650006E101F /* ThirdSectionTableViewCell.swift */; };
		DFD5E7792AD50650006E101F /* ConnectBankViewController.swift in Sources */ = {isa = PBXBuildFile; fileRef = DFD5E7362AD50650006E101F /* ConnectBankViewController.swift */; };
		DFD5E77A2AD50650006E101F /* EditProfileViewController.swift in Sources */ = {isa = PBXBuildFile; fileRef = DFD5E7372AD50650006E101F /* EditProfileViewController.swift */; };
		DFD5E77B2AD50650006E101F /* Section1TableViewCell.swift in Sources */ = {isa = PBXBuildFile; fileRef = DFD5E7382AD50650006E101F /* Section1TableViewCell.swift */; };
		DFD5E77C2AD50650006E101F /* TableViewCell.swift in Sources */ = {isa = PBXBuildFile; fileRef = DFD5E7392AD50650006E101F /* TableViewCell.swift */; };
		DFD5E77D2AD50650006E101F /* LogOutTableViewCell.swift in Sources */ = {isa = PBXBuildFile; fileRef = DFD5E73A2AD50650006E101F /* LogOutTableViewCell.swift */; };
		DFD5E77E2AD50650006E101F /* SecondSectionTableViewCell.swift in Sources */ = {isa = PBXBuildFile; fileRef = DFD5E73B2AD50650006E101F /* SecondSectionTableViewCell.swift */; };
		DFD5E77F2AD50650006E101F /* ThirdCellsTableViewCell.swift in Sources */ = {isa = PBXBuildFile; fileRef = DFD5E73C2AD50650006E101F /* ThirdCellsTableViewCell.swift */; };
		DFD5E7802AD50650006E101F /* BankSetupTableViewCell.swift in Sources */ = {isa = PBXBuildFile; fileRef = DFD5E73D2AD50650006E101F /* BankSetupTableViewCell.swift */; };
		DFD5E7812AD50650006E101F /* ProfileViewController.swift in Sources */ = {isa = PBXBuildFile; fileRef = DFD5E73E2AD50650006E101F /* ProfileViewController.swift */; };
		DFD5E7822AD50650006E101F /* FirstEditSectionTableViewCell.swift in Sources */ = {isa = PBXBuildFile; fileRef = DFD5E73F2AD50650006E101F /* FirstEditSectionTableViewCell.swift */; };
		DFD5E7832AD50650006E101F /* PopLogOutViewController.swift in Sources */ = {isa = PBXBuildFile; fileRef = DFD5E7402AD50650006E101F /* PopLogOutViewController.swift */; };
		DFD5E7842AD50650006E101F /* SaveViewController.swift in Sources */ = {isa = PBXBuildFile; fileRef = DFD5E7452AD50650006E101F /* SaveViewController.swift */; };
		DFD5E7852AD50650006E101F /* collection.swift in Sources */ = {isa = PBXBuildFile; fileRef = DFD5E7482AD50650006E101F /* collection.swift */; };
		DFD5E7862AD50650006E101F /* CutomCollectionViewCell.xib in Resources */ = {isa = PBXBuildFile; fileRef = DFD5E74B2AD50650006E101F /* CutomCollectionViewCell.xib */; };
		DFD5E7872AD50650006E101F /* TabMainViewController.swift in Sources */ = {isa = PBXBuildFile; fileRef = DFD5E74D2AD50650006E101F /* TabMainViewController.swift */; };
		DFD5E7882AD50650006E101F /* CollectionViewCell.swift in Sources */ = {isa = PBXBuildFile; fileRef = DFD5E74E2AD50650006E101F /* CollectionViewCell.swift */; };
		DFD5E7892AD50650006E101F /* HomeViewController.swift in Sources */ = {isa = PBXBuildFile; fileRef = DFD5E74F2AD50650006E101F /* HomeViewController.swift */; };
		DFD5E78A2AD50650006E101F /* CutomCollectionViewCell.swift in Sources */ = {isa = PBXBuildFile; fileRef = DFD5E7502AD50650006E101F /* CutomCollectionViewCell.swift */; };
		DFD5E78B2AD50650006E101F /* CustomTabBar.swift in Sources */ = {isa = PBXBuildFile; fileRef = DFD5E7512AD50650006E101F /* CustomTabBar.swift */; };
		DFD5E78C2AD50650006E101F /* CollectionViewController.swift in Sources */ = {isa = PBXBuildFile; fileRef = DFD5E7522AD50650006E101F /* CollectionViewController.swift */; };
		DFD5E7A12AD506F0006E101F /* CategoryModel.swift in Sources */ = {isa = PBXBuildFile; fileRef = DFD5E7932AD506F0006E101F /* CategoryModel.swift */; };
		DFD5E7A22AD506F0006E101F /* TopItemsModel.swift in Sources */ = {isa = PBXBuildFile; fileRef = DFD5E7942AD506F0006E101F /* TopItemsModel.swift */; };
		DFD5E7A32AD506F0006E101F /* Explore.storyboard in Resources */ = {isa = PBXBuildFile; fileRef = DFD5E7972AD506F0006E101F /* Explore.storyboard */; };
		DFD5E7A42AD506F0006E101F /* CategoryCollectionViewCell.swift in Sources */ = {isa = PBXBuildFile; fileRef = DFD5E79B2AD506F0006E101F /* CategoryCollectionViewCell.swift */; };
		DFD5E7A52AD506F0006E101F /* CategoryCollectionViewCell.xib in Resources */ = {isa = PBXBuildFile; fileRef = DFD5E79C2AD506F0006E101F /* CategoryCollectionViewCell.xib */; };
		DFD5E7A62AD506F0006E101F /* ExploreTableViewCell.swift in Sources */ = {isa = PBXBuildFile; fileRef = DFD5E79E2AD506F0006E101F /* ExploreTableViewCell.swift */; };
		DFD5E7A72AD506F0006E101F /* ExploreTableViewCell.xib in Resources */ = {isa = PBXBuildFile; fileRef = DFD5E79F2AD506F0006E101F /* ExploreTableViewCell.xib */; };
		DFD5E7A82AD506F0006E101F /* ExploreViewController.swift in Sources */ = {isa = PBXBuildFile; fileRef = DFD5E7A02AD506F0006E101F /* ExploreViewController.swift */; };
		DFD5E7B62AD50A8E006E101F /* CategoryNibCell.xib in Resources */ = {isa = PBXBuildFile; fileRef = DFD5E7AB2AD50A8D006E101F /* CategoryNibCell.xib */; };
		DFD5E7B72AD50A8E006E101F /* RecentCollectionNibCell.xib in Resources */ = {isa = PBXBuildFile; fileRef = DFD5E7AC2AD50A8D006E101F /* RecentCollectionNibCell.xib */; };
		DFD5E7B92AD50A8E006E101F /* CategoryNibCell.swift in Sources */ = {isa = PBXBuildFile; fileRef = DFD5E7AE2AD50A8D006E101F /* CategoryNibCell.swift */; };
		DFD5E7BA2AD50A8E006E101F /* PopularNibCell.swift in Sources */ = {isa = PBXBuildFile; fileRef = DFD5E7AF2AD50A8D006E101F /* PopularNibCell.swift */; };
		DFD5E7BB2AD50A8E006E101F /* PopularNibCell.xib in Resources */ = {isa = PBXBuildFile; fileRef = DFD5E7B02AD50A8D006E101F /* PopularNibCell.xib */; };
		DFD5E7BC2AD50A8E006E101F /* PopularSection.swift in Sources */ = {isa = PBXBuildFile; fileRef = DFD5E7B12AD50A8D006E101F /* PopularSection.swift */; };
		DFD5E7BD2AD50A8E006E101F /* SectionCellNib.swift in Sources */ = {isa = PBXBuildFile; fileRef = DFD5E7B22AD50A8D006E101F /* SectionCellNib.swift */; };
		DFD5E7BE2AD50A8E006E101F /* RecentCollectionNibCell.swift in Sources */ = {isa = PBXBuildFile; fileRef = DFD5E7B32AD50A8D006E101F /* RecentCollectionNibCell.swift */; };
		DFD5E7BF2AD50A8E006E101F /* SearchController.swift in Sources */ = {isa = PBXBuildFile; fileRef = DFD5E7B52AD50A8D006E101F /* SearchController.swift */; };
		DFD5E7DC2AD50BD7006E101F /* CategoryData.swift in Sources */ = {isa = PBXBuildFile; fileRef = DFD5E7C42AD50BD7006E101F /* CategoryData.swift */; };
		DFD5E7DD2AD50BD7006E101F /* CategoryTVC.swift in Sources */ = {isa = PBXBuildFile; fileRef = DFD5E7C52AD50BD7006E101F /* CategoryTVC.swift */; };
		DFD5E7DE2AD50BD7006E101F /* InfoTVC.xib in Resources */ = {isa = PBXBuildFile; fileRef = DFD5E7C82AD50BD7006E101F /* InfoTVC.xib */; };
		DFD5E7DF2AD50BD7006E101F /* InfoTVC.swift in Sources */ = {isa = PBXBuildFile; fileRef = DFD5E7C92AD50BD7006E101F /* InfoTVC.swift */; };
		DFD5E7E02AD50BD7006E101F /* Name.swift in Sources */ = {isa = PBXBuildFile; fileRef = DFD5E7CA2AD50BD7006E101F /* Name.swift */; };
		DFD5E7E12AD50BD7006E101F /* Data.swift in Sources */ = {isa = PBXBuildFile; fileRef = DFD5E7CC2AD50BD7006E101F /* Data.swift */; };
		DFD5E7E22AD50BD7006E101F /* CustomeFieldTVC.swift in Sources */ = {isa = PBXBuildFile; fileRef = DFD5E7CD2AD50BD7006E101F /* CustomeFieldTVC.swift */; };
		DFD5E7E32AD50BD7006E101F /* CustomeFieldTVC.xib in Resources */ = {isa = PBXBuildFile; fileRef = DFD5E7CE2AD50BD7006E101F /* CustomeFieldTVC.xib */; };
		DFD5E7E42AD50BD7006E101F /* CollectionImageCVC.xib in Resources */ = {isa = PBXBuildFile; fileRef = DFD5E7D12AD50BD7006E101F /* CollectionImageCVC.xib */; };
		DFD5E7E52AD50BD7006E101F /* CollectionImageCVC.swift in Sources */ = {isa = PBXBuildFile; fileRef = DFD5E7D22AD50BD7006E101F /* CollectionImageCVC.swift */; };
		DFD5E7E62AD50BD7006E101F /* BeforeAddTVC.swift in Sources */ = {isa = PBXBuildFile; fileRef = DFD5E7D32AD50BD7006E101F /* BeforeAddTVC.swift */; };
		DFD5E7E72AD50BD7006E101F /* ButtonCVC.swift in Sources */ = {isa = PBXBuildFile; fileRef = DFD5E7D52AD50BD7006E101F /* ButtonCVC.swift */; };
		DFD5E7E82AD50BD7006E101F /* ButtonCVC.xib in Resources */ = {isa = PBXBuildFile; fileRef = DFD5E7D62AD50BD7006E101F /* ButtonCVC.xib */; };
		DFD5E7E92AD50BD7006E101F /* CreateItemSB.storyboard in Resources */ = {isa = PBXBuildFile; fileRef = DFD5E7D82AD50BD7006E101F /* CreateItemSB.storyboard */; };
		DFD5E7EA2AD50BD7006E101F /* CreateItemVC.swift in Sources */ = {isa = PBXBuildFile; fileRef = DFD5E7DA2AD50BD7006E101F /* CreateItemVC.swift */; };
		DFD5E7EB2AD50BD7006E101F /* CategoryTC.swift in Sources */ = {isa = PBXBuildFile; fileRef = DFD5E7DB2AD50BD7006E101F /* CategoryTC.swift */; };
		DFD5E7EE2AD50CB4006E101F /* Kingfisher in Frameworks */ = {isa = PBXBuildFile; productRef = DFD5E7ED2AD50CB4006E101F /* Kingfisher */; };
/* End PBXBuildFile section */

/* Begin PBXFileReference section */
		715820B38BEBF21726B84EF6 /* Pods-EasyCart.debug.xcconfig */ = {isa = PBXFileReference; includeInIndex = 1; lastKnownFileType = text.xcconfig; name = "Pods-EasyCart.debug.xcconfig"; path = "Target Support Files/Pods-EasyCart/Pods-EasyCart.debug.xcconfig"; sourceTree = "<group>"; };
		8751E22DCFDC3B7D611DDBA6 /* Pods-EasyCart.release.xcconfig */ = {isa = PBXFileReference; includeInIndex = 1; lastKnownFileType = text.xcconfig; name = "Pods-EasyCart.release.xcconfig"; path = "Target Support Files/Pods-EasyCart/Pods-EasyCart.release.xcconfig"; sourceTree = "<group>"; };
		9F9119F17A08392AA5A5AFB2 /* Pods_EasyCart.framework */ = {isa = PBXFileReference; explicitFileType = wrapper.framework; includeInIndex = 0; path = Pods_EasyCart.framework; sourceTree = BUILT_PRODUCTS_DIR; };
		C2BD61D12AD3B7A100939CA7 /* EasyCart.app */ = {isa = PBXFileReference; explicitFileType = wrapper.application; includeInIndex = 0; path = EasyCart.app; sourceTree = BUILT_PRODUCTS_DIR; };
		C2BD61DE2AD3B7A100939CA7 /* EasyCart.xcdatamodel */ = {isa = PBXFileReference; lastKnownFileType = wrapper.xcdatamodel; path = EasyCart.xcdatamodel; sourceTree = "<group>"; };
		C2BD61E52AD3B7A300939CA7 /* Info.plist */ = {isa = PBXFileReference; lastKnownFileType = text.plist.xml; path = Info.plist; sourceTree = "<group>"; };
		DFD5E7142AD50650006E101F /* AppDelegate.swift */ = {isa = PBXFileReference; fileEncoding = 4; lastKnownFileType = sourcecode.swift; path = AppDelegate.swift; sourceTree = "<group>"; };
		DFD5E7152AD50650006E101F /* SceneDelegate.swift */ = {isa = PBXFileReference; fileEncoding = 4; lastKnownFileType = sourcecode.swift; path = SceneDelegate.swift; sourceTree = "<group>"; };
		DFD5E7172AD50650006E101F /* ViewController.swift */ = {isa = PBXFileReference; fileEncoding = 4; lastKnownFileType = sourcecode.swift; path = ViewController.swift; sourceTree = "<group>"; };
		DFD5E7182AD50650006E101F /* Storyboard1.storyboard */ = {isa = PBXFileReference; fileEncoding = 4; lastKnownFileType = file.storyboard; path = Storyboard1.storyboard; sourceTree = "<group>"; };
		DFD5E7192AD50650006E101F /* Assets.xcassets */ = {isa = PBXFileReference; lastKnownFileType = folder.assetcatalog; path = Assets.xcassets; sourceTree = "<group>"; };
		DFD5E71B2AD50650006E101F /* Base */ = {isa = PBXFileReference; lastKnownFileType = file.storyboard; name = Base; path = Base.lproj/LaunchScreen.storyboard; sourceTree = "<group>"; };
		DFD5E71D2AD50650006E101F /* Base */ = {isa = PBXFileReference; lastKnownFileType = file.storyboard; name = Base; path = Base.lproj/Main.storyboard; sourceTree = "<group>"; };
		DFD5E71F2AD50650006E101F /* APICaller.swift */ = {isa = PBXFileReference; fileEncoding = 4; lastKnownFileType = sourcecode.swift; path = APICaller.swift; sourceTree = "<group>"; };
		DFD5E7202AD50650006E101F /* NetworkConstans.swift */ = {isa = PBXFileReference; fileEncoding = 4; lastKnownFileType = sourcecode.swift; path = NetworkConstans.swift; sourceTree = "<group>"; };
		DFD5E7232AD50650006E101F /* SecondSection.swift */ = {isa = PBXFileReference; fileEncoding = 4; lastKnownFileType = sourcecode.swift; path = SecondSection.swift; sourceTree = "<group>"; };
		DFD5E7242AD50650006E101F /* Section2.swift */ = {isa = PBXFileReference; fileEncoding = 4; lastKnownFileType = sourcecode.swift; path = Section2.swift; sourceTree = "<group>"; };
		DFD5E7252AD50650006E101F /* Bank.swift */ = {isa = PBXFileReference; fileEncoding = 4; lastKnownFileType = sourcecode.swift; path = Bank.swift; sourceTree = "<group>"; };
		DFD5E7262AD50650006E101F /* Section1.swift */ = {isa = PBXFileReference; fileEncoding = 4; lastKnownFileType = sourcecode.swift; path = Section1.swift; sourceTree = "<group>"; };
		DFD5E7272AD50650006E101F /* Section3.swift */ = {isa = PBXFileReference; fileEncoding = 4; lastKnownFileType = sourcecode.swift; path = Section3.swift; sourceTree = "<group>"; };
		DFD5E7282AD50650006E101F /* ThirdSection.swift */ = {isa = PBXFileReference; fileEncoding = 4; lastKnownFileType = sourcecode.swift; path = ThirdSection.swift; sourceTree = "<group>"; };
		DFD5E7292AD50650006E101F /* FirstSectionEdit.swift */ = {isa = PBXFileReference; fileEncoding = 4; lastKnownFileType = sourcecode.swift; path = FirstSectionEdit.swift; sourceTree = "<group>"; };
		DFD5E72C2AD50650006E101F /* ThirdSectionTableViewCell.xib */ = {isa = PBXFileReference; fileEncoding = 4; lastKnownFileType = file.xib; path = ThirdSectionTableViewCell.xib; sourceTree = "<group>"; };
		DFD5E72D2AD50650006E101F /* Section1TableViewCell.xib */ = {isa = PBXFileReference; fileEncoding = 4; lastKnownFileType = file.xib; path = Section1TableViewCell.xib; sourceTree = "<group>"; };
		DFD5E72E2AD50650006E101F /* SecondSectionTableViewCell.xib */ = {isa = PBXFileReference; fileEncoding = 4; lastKnownFileType = file.xib; path = SecondSectionTableViewCell.xib; sourceTree = "<group>"; };
		DFD5E72F2AD50650006E101F /* TableViewCell.xib */ = {isa = PBXFileReference; fileEncoding = 4; lastKnownFileType = file.xib; path = TableViewCell.xib; sourceTree = "<group>"; };
		DFD5E7302AD50650006E101F /* BankSetupTableViewCell.xib */ = {isa = PBXFileReference; fileEncoding = 4; lastKnownFileType = file.xib; path = BankSetupTableViewCell.xib; sourceTree = "<group>"; };
		DFD5E7312AD50650006E101F /* FirstEditSectionTableViewCell.xib */ = {isa = PBXFileReference; fileEncoding = 4; lastKnownFileType = file.xib; path = FirstEditSectionTableViewCell.xib; sourceTree = "<group>"; };
		DFD5E7322AD50650006E101F /* LogOutTableViewCell.xib */ = {isa = PBXFileReference; fileEncoding = 4; lastKnownFileType = file.xib; path = LogOutTableViewCell.xib; sourceTree = "<group>"; };
		DFD5E7332AD50650006E101F /* ThirdCellsTableViewCell.xib */ = {isa = PBXFileReference; fileEncoding = 4; lastKnownFileType = file.xib; path = ThirdCellsTableViewCell.xib; sourceTree = "<group>"; };
		DFD5E7352AD50650006E101F /* ThirdSectionTableViewCell.swift */ = {isa = PBXFileReference; fileEncoding = 4; lastKnownFileType = sourcecode.swift; path = ThirdSectionTableViewCell.swift; sourceTree = "<group>"; };
		DFD5E7362AD50650006E101F /* ConnectBankViewController.swift */ = {isa = PBXFileReference; fileEncoding = 4; lastKnownFileType = sourcecode.swift; path = ConnectBankViewController.swift; sourceTree = "<group>"; };
		DFD5E7372AD50650006E101F /* EditProfileViewController.swift */ = {isa = PBXFileReference; fileEncoding = 4; lastKnownFileType = sourcecode.swift; path = EditProfileViewController.swift; sourceTree = "<group>"; };
		DFD5E7382AD50650006E101F /* Section1TableViewCell.swift */ = {isa = PBXFileReference; fileEncoding = 4; lastKnownFileType = sourcecode.swift; path = Section1TableViewCell.swift; sourceTree = "<group>"; };
		DFD5E7392AD50650006E101F /* TableViewCell.swift */ = {isa = PBXFileReference; fileEncoding = 4; lastKnownFileType = sourcecode.swift; path = TableViewCell.swift; sourceTree = "<group>"; };
		DFD5E73A2AD50650006E101F /* LogOutTableViewCell.swift */ = {isa = PBXFileReference; fileEncoding = 4; lastKnownFileType = sourcecode.swift; path = LogOutTableViewCell.swift; sourceTree = "<group>"; };
		DFD5E73B2AD50650006E101F /* SecondSectionTableViewCell.swift */ = {isa = PBXFileReference; fileEncoding = 4; lastKnownFileType = sourcecode.swift; path = SecondSectionTableViewCell.swift; sourceTree = "<group>"; };
		DFD5E73C2AD50650006E101F /* ThirdCellsTableViewCell.swift */ = {isa = PBXFileReference; fileEncoding = 4; lastKnownFileType = sourcecode.swift; path = ThirdCellsTableViewCell.swift; sourceTree = "<group>"; };
		DFD5E73D2AD50650006E101F /* BankSetupTableViewCell.swift */ = {isa = PBXFileReference; fileEncoding = 4; lastKnownFileType = sourcecode.swift; path = BankSetupTableViewCell.swift; sourceTree = "<group>"; };
		DFD5E73E2AD50650006E101F /* ProfileViewController.swift */ = {isa = PBXFileReference; fileEncoding = 4; lastKnownFileType = sourcecode.swift; path = ProfileViewController.swift; sourceTree = "<group>"; };
		DFD5E73F2AD50650006E101F /* FirstEditSectionTableViewCell.swift */ = {isa = PBXFileReference; fileEncoding = 4; lastKnownFileType = sourcecode.swift; path = FirstEditSectionTableViewCell.swift; sourceTree = "<group>"; };
		DFD5E7402AD50650006E101F /* PopLogOutViewController.swift */ = {isa = PBXFileReference; fileEncoding = 4; lastKnownFileType = sourcecode.swift; path = PopLogOutViewController.swift; sourceTree = "<group>"; };
		DFD5E7452AD50650006E101F /* SaveViewController.swift */ = {isa = PBXFileReference; fileEncoding = 4; lastKnownFileType = sourcecode.swift; path = SaveViewController.swift; sourceTree = "<group>"; };
		DFD5E7482AD50650006E101F /* collection.swift */ = {isa = PBXFileReference; fileEncoding = 4; lastKnownFileType = sourcecode.swift; path = collection.swift; sourceTree = "<group>"; };
		DFD5E74B2AD50650006E101F /* CutomCollectionViewCell.xib */ = {isa = PBXFileReference; fileEncoding = 4; lastKnownFileType = file.xib; path = CutomCollectionViewCell.xib; sourceTree = "<group>"; };
		DFD5E74D2AD50650006E101F /* TabMainViewController.swift */ = {isa = PBXFileReference; fileEncoding = 4; lastKnownFileType = sourcecode.swift; path = TabMainViewController.swift; sourceTree = "<group>"; };
		DFD5E74E2AD50650006E101F /* CollectionViewCell.swift */ = {isa = PBXFileReference; fileEncoding = 4; lastKnownFileType = sourcecode.swift; path = CollectionViewCell.swift; sourceTree = "<group>"; };
		DFD5E74F2AD50650006E101F /* HomeViewController.swift */ = {isa = PBXFileReference; fileEncoding = 4; lastKnownFileType = sourcecode.swift; path = HomeViewController.swift; sourceTree = "<group>"; };
		DFD5E7502AD50650006E101F /* CutomCollectionViewCell.swift */ = {isa = PBXFileReference; fileEncoding = 4; lastKnownFileType = sourcecode.swift; path = CutomCollectionViewCell.swift; sourceTree = "<group>"; };
		DFD5E7512AD50650006E101F /* CustomTabBar.swift */ = {isa = PBXFileReference; fileEncoding = 4; lastKnownFileType = sourcecode.swift; path = CustomTabBar.swift; sourceTree = "<group>"; };
		DFD5E7522AD50650006E101F /* CollectionViewController.swift */ = {isa = PBXFileReference; fileEncoding = 4; lastKnownFileType = sourcecode.swift; path = CollectionViewController.swift; sourceTree = "<group>"; };
		DFD5E7932AD506F0006E101F /* CategoryModel.swift */ = {isa = PBXFileReference; fileEncoding = 4; lastKnownFileType = sourcecode.swift; path = CategoryModel.swift; sourceTree = "<group>"; };
		DFD5E7942AD506F0006E101F /* TopItemsModel.swift */ = {isa = PBXFileReference; fileEncoding = 4; lastKnownFileType = sourcecode.swift; path = TopItemsModel.swift; sourceTree = "<group>"; };
		DFD5E7972AD506F0006E101F /* Explore.storyboard */ = {isa = PBXFileReference; fileEncoding = 4; lastKnownFileType = file.storyboard; path = Explore.storyboard; sourceTree = "<group>"; };
		DFD5E79B2AD506F0006E101F /* CategoryCollectionViewCell.swift */ = {isa = PBXFileReference; fileEncoding = 4; lastKnownFileType = sourcecode.swift; path = CategoryCollectionViewCell.swift; sourceTree = "<group>"; };
		DFD5E79C2AD506F0006E101F /* CategoryCollectionViewCell.xib */ = {isa = PBXFileReference; fileEncoding = 4; lastKnownFileType = file.xib; path = CategoryCollectionViewCell.xib; sourceTree = "<group>"; };
		DFD5E79E2AD506F0006E101F /* ExploreTableViewCell.swift */ = {isa = PBXFileReference; fileEncoding = 4; lastKnownFileType = sourcecode.swift; path = ExploreTableViewCell.swift; sourceTree = "<group>"; };
		DFD5E79F2AD506F0006E101F /* ExploreTableViewCell.xib */ = {isa = PBXFileReference; fileEncoding = 4; lastKnownFileType = file.xib; path = ExploreTableViewCell.xib; sourceTree = "<group>"; };
		DFD5E7A02AD506F0006E101F /* ExploreViewController.swift */ = {isa = PBXFileReference; fileEncoding = 4; lastKnownFileType = sourcecode.swift; path = ExploreViewController.swift; sourceTree = "<group>"; };
		DFD5E7AB2AD50A8D006E101F /* CategoryNibCell.xib */ = {isa = PBXFileReference; fileEncoding = 4; lastKnownFileType = file.xib; path = CategoryNibCell.xib; sourceTree = "<group>"; };
		DFD5E7AC2AD50A8D006E101F /* RecentCollectionNibCell.xib */ = {isa = PBXFileReference; fileEncoding = 4; lastKnownFileType = file.xib; path = RecentCollectionNibCell.xib; sourceTree = "<group>"; };
		DFD5E7AE2AD50A8D006E101F /* CategoryNibCell.swift */ = {isa = PBXFileReference; fileEncoding = 4; lastKnownFileType = sourcecode.swift; path = CategoryNibCell.swift; sourceTree = "<group>"; };
		DFD5E7AF2AD50A8D006E101F /* PopularNibCell.swift */ = {isa = PBXFileReference; fileEncoding = 4; lastKnownFileType = sourcecode.swift; path = PopularNibCell.swift; sourceTree = "<group>"; };
		DFD5E7B02AD50A8D006E101F /* PopularNibCell.xib */ = {isa = PBXFileReference; fileEncoding = 4; lastKnownFileType = file.xib; path = PopularNibCell.xib; sourceTree = "<group>"; };
		DFD5E7B12AD50A8D006E101F /* PopularSection.swift */ = {isa = PBXFileReference; fileEncoding = 4; lastKnownFileType = sourcecode.swift; path = PopularSection.swift; sourceTree = "<group>"; };
		DFD5E7B22AD50A8D006E101F /* SectionCellNib.swift */ = {isa = PBXFileReference; fileEncoding = 4; lastKnownFileType = sourcecode.swift; path = SectionCellNib.swift; sourceTree = "<group>"; };
		DFD5E7B32AD50A8D006E101F /* RecentCollectionNibCell.swift */ = {isa = PBXFileReference; fileEncoding = 4; lastKnownFileType = sourcecode.swift; path = RecentCollectionNibCell.swift; sourceTree = "<group>"; };
		DFD5E7B52AD50A8D006E101F /* SearchController.swift */ = {isa = PBXFileReference; fileEncoding = 4; lastKnownFileType = sourcecode.swift; path = SearchController.swift; sourceTree = "<group>"; };
		DFD5E7C42AD50BD7006E101F /* CategoryData.swift */ = {isa = PBXFileReference; fileEncoding = 4; lastKnownFileType = sourcecode.swift; path = CategoryData.swift; sourceTree = "<group>"; };
		DFD5E7C52AD50BD7006E101F /* CategoryTVC.swift */ = {isa = PBXFileReference; fileEncoding = 4; lastKnownFileType = sourcecode.swift; path = CategoryTVC.swift; sourceTree = "<group>"; };
		DFD5E7C82AD50BD7006E101F /* InfoTVC.xib */ = {isa = PBXFileReference; fileEncoding = 4; lastKnownFileType = file.xib; path = InfoTVC.xib; sourceTree = "<group>"; };
		DFD5E7C92AD50BD7006E101F /* InfoTVC.swift */ = {isa = PBXFileReference; fileEncoding = 4; lastKnownFileType = sourcecode.swift; path = InfoTVC.swift; sourceTree = "<group>"; };
		DFD5E7CA2AD50BD7006E101F /* Name.swift */ = {isa = PBXFileReference; fileEncoding = 4; lastKnownFileType = sourcecode.swift; path = Name.swift; sourceTree = "<group>"; };
		DFD5E7CC2AD50BD7006E101F /* Data.swift */ = {isa = PBXFileReference; fileEncoding = 4; lastKnownFileType = sourcecode.swift; path = Data.swift; sourceTree = "<group>"; };
		DFD5E7CD2AD50BD7006E101F /* CustomeFieldTVC.swift */ = {isa = PBXFileReference; fileEncoding = 4; lastKnownFileType = sourcecode.swift; path = CustomeFieldTVC.swift; sourceTree = "<group>"; };
		DFD5E7CE2AD50BD7006E101F /* CustomeFieldTVC.xib */ = {isa = PBXFileReference; fileEncoding = 4; lastKnownFileType = file.xib; path = CustomeFieldTVC.xib; sourceTree = "<group>"; };
		DFD5E7D12AD50BD7006E101F /* CollectionImageCVC.xib */ = {isa = PBXFileReference; fileEncoding = 4; lastKnownFileType = file.xib; path = CollectionImageCVC.xib; sourceTree = "<group>"; };
		DFD5E7D22AD50BD7006E101F /* CollectionImageCVC.swift */ = {isa = PBXFileReference; fileEncoding = 4; lastKnownFileType = sourcecode.swift; path = CollectionImageCVC.swift; sourceTree = "<group>"; };
		DFD5E7D32AD50BD7006E101F /* BeforeAddTVC.swift */ = {isa = PBXFileReference; fileEncoding = 4; lastKnownFileType = sourcecode.swift; path = BeforeAddTVC.swift; sourceTree = "<group>"; };
		DFD5E7D52AD50BD7006E101F /* ButtonCVC.swift */ = {isa = PBXFileReference; fileEncoding = 4; lastKnownFileType = sourcecode.swift; path = ButtonCVC.swift; sourceTree = "<group>"; };
		DFD5E7D62AD50BD7006E101F /* ButtonCVC.xib */ = {isa = PBXFileReference; fileEncoding = 4; lastKnownFileType = file.xib; path = ButtonCVC.xib; sourceTree = "<group>"; };
		DFD5E7D82AD50BD7006E101F /* CreateItemSB.storyboard */ = {isa = PBXFileReference; fileEncoding = 4; lastKnownFileType = file.storyboard; path = CreateItemSB.storyboard; sourceTree = "<group>"; };
		DFD5E7DA2AD50BD7006E101F /* CreateItemVC.swift */ = {isa = PBXFileReference; fileEncoding = 4; lastKnownFileType = sourcecode.swift; path = CreateItemVC.swift; sourceTree = "<group>"; };
		DFD5E7DB2AD50BD7006E101F /* CategoryTC.swift */ = {isa = PBXFileReference; fileEncoding = 4; lastKnownFileType = sourcecode.swift; path = CategoryTC.swift; sourceTree = "<group>"; };
/* End PBXFileReference section */

/* Begin PBXFrameworksBuildPhase section */
		C2BD61CE2AD3B7A100939CA7 /* Frameworks */ = {
			isa = PBXFrameworksBuildPhase;
			buildActionMask = 2147483647;
			files = (
				DFD5E7EE2AD50CB4006E101F /* Kingfisher in Frameworks */,
				71B7000CCAA75C0B7FAD6A3B /* Pods_EasyCart.framework in Frameworks */,
			);
			runOnlyForDeploymentPostprocessing = 0;
		};
/* End PBXFrameworksBuildPhase section */

/* Begin PBXGroup section */
		4247E8D571EB9320A3CB6A37 /* Frameworks */ = {
			isa = PBXGroup;
			children = (
				9F9119F17A08392AA5A5AFB2 /* Pods_EasyCart.framework */,
			);
			name = Frameworks;
			sourceTree = "<group>";
		};
		642EEE30391A8ED1D2E9DC73 /* Pods */ = {
			isa = PBXGroup;
			children = (
				715820B38BEBF21726B84EF6 /* Pods-EasyCart.debug.xcconfig */,
				8751E22DCFDC3B7D611DDBA6 /* Pods-EasyCart.release.xcconfig */,
			);
			path = Pods;
			sourceTree = "<group>";
		};
		C2BD61C82AD3B7A100939CA7 = {
			isa = PBXGroup;
			children = (
				C2BD61D32AD3B7A100939CA7 /* EasyCart */,
				C2BD61D22AD3B7A100939CA7 /* Products */,
				642EEE30391A8ED1D2E9DC73 /* Pods */,
				4247E8D571EB9320A3CB6A37 /* Frameworks */,
			);
			sourceTree = "<group>";
		};
		C2BD61D22AD3B7A100939CA7 /* Products */ = {
			isa = PBXGroup;
			children = (
				C2BD61D12AD3B7A100939CA7 /* EasyCart.app */,
			);
			name = Products;
			sourceTree = "<group>";
		};
		C2BD61D32AD3B7A100939CA7 /* EasyCart */ = {
			isa = PBXGroup;
			children = (
				DFD5E7C02AD50BBF006E101F /* Create */,
				DFD5E7132AD50650006E101F /* App */,
				DFD5E7412AD50650006E101F /* Home */,
				DFD5E7162AD50650006E101F /* MainView + MainSB + Asset */,
				DFD5E71E2AD50650006E101F /* Networking */,
				DFD5E7212AD50650006E101F /* Profile */,
				DFD5E70B2AD50650006E101F /* Search */,
				C2BD61E52AD3B7A300939CA7 /* Info.plist */,
				C2BD61DD2AD3B7A100939CA7 /* EasyCart.xcdatamodeld */,
			);
			path = EasyCart;
			sourceTree = "<group>";
		};
		DFD5E70B2AD50650006E101F /* Search */ = {
			isa = PBXGroup;
			children = (
				DFD5E7A92AD50A8D006E101F /* View */,
			);
			name = Search;
			path = "../../../ChaengHavCode/ios-we-commerce-ui/Easycart/Search";
			sourceTree = "<group>";
		};
		DFD5E7132AD50650006E101F /* App */ = {
			isa = PBXGroup;
			children = (
				DFD5E7142AD50650006E101F /* AppDelegate.swift */,
				DFD5E7152AD50650006E101F /* SceneDelegate.swift */,
			);
			name = App;
			path = "../../../ChaengHavCode/ios-we-commerce-ui/Easycart/App";
			sourceTree = "<group>";
		};
		DFD5E7162AD50650006E101F /* MainView + MainSB + Asset */ = {
			isa = PBXGroup;
			children = (
				DFD5E7172AD50650006E101F /* ViewController.swift */,
				DFD5E7182AD50650006E101F /* Storyboard1.storyboard */,
				DFD5E7192AD50650006E101F /* Assets.xcassets */,
				DFD5E71A2AD50650006E101F /* LaunchScreen.storyboard */,
				DFD5E71C2AD50650006E101F /* Main.storyboard */,
			);
			name = "MainView + MainSB + Asset";
			path = "../../../ChaengHavCode/ios-we-commerce-ui/Easycart/MainView + MainSB + Asset";
			sourceTree = "<group>";
		};
		DFD5E71E2AD50650006E101F /* Networking */ = {
			isa = PBXGroup;
			children = (
				DFD5E71F2AD50650006E101F /* APICaller.swift */,
				DFD5E7202AD50650006E101F /* NetworkConstans.swift */,
			);
			name = Networking;
			path = "../../../ChaengHavCode/ios-we-commerce-ui/Easycart/Networking";
			sourceTree = "<group>";
		};
		DFD5E7212AD50650006E101F /* Profile */ = {
			isa = PBXGroup;
			children = (
				DFD5E7222AD50650006E101F /* Model */,
				DFD5E72A2AD50650006E101F /* View */,
			);
			name = Profile;
			path = "../../../ChaengHavCode/ios-we-commerce-ui/Easycart/Profile";
			sourceTree = "<group>";
		};
		DFD5E7222AD50650006E101F /* Model */ = {
			isa = PBXGroup;
			children = (
				DFD5E7232AD50650006E101F /* SecondSection.swift */,
				DFD5E7242AD50650006E101F /* Section2.swift */,
				DFD5E7252AD50650006E101F /* Bank.swift */,
				DFD5E7262AD50650006E101F /* Section1.swift */,
				DFD5E7272AD50650006E101F /* Section3.swift */,
				DFD5E7282AD50650006E101F /* ThirdSection.swift */,
				DFD5E7292AD50650006E101F /* FirstSectionEdit.swift */,
			);
			path = Model;
			sourceTree = "<group>";
		};
		DFD5E72A2AD50650006E101F /* View */ = {
			isa = PBXGroup;
			children = (
				DFD5E72B2AD50650006E101F /* Storyboard */,
				DFD5E7342AD50650006E101F /* Controller */,
			);
			path = View;
			sourceTree = "<group>";
		};
		DFD5E72B2AD50650006E101F /* Storyboard */ = {
			isa = PBXGroup;
			children = (
				DFD5E72C2AD50650006E101F /* ThirdSectionTableViewCell.xib */,
				DFD5E72D2AD50650006E101F /* Section1TableViewCell.xib */,
				DFD5E72E2AD50650006E101F /* SecondSectionTableViewCell.xib */,
				DFD5E72F2AD50650006E101F /* TableViewCell.xib */,
				DFD5E7302AD50650006E101F /* BankSetupTableViewCell.xib */,
				DFD5E7312AD50650006E101F /* FirstEditSectionTableViewCell.xib */,
				DFD5E7322AD50650006E101F /* LogOutTableViewCell.xib */,
				DFD5E7332AD50650006E101F /* ThirdCellsTableViewCell.xib */,
			);
			path = Storyboard;
			sourceTree = "<group>";
		};
		DFD5E7342AD50650006E101F /* Controller */ = {
			isa = PBXGroup;
			children = (
				DFD5E7352AD50650006E101F /* ThirdSectionTableViewCell.swift */,
				DFD5E7362AD50650006E101F /* ConnectBankViewController.swift */,
				DFD5E7372AD50650006E101F /* EditProfileViewController.swift */,
				DFD5E7382AD50650006E101F /* Section1TableViewCell.swift */,
				DFD5E7392AD50650006E101F /* TableViewCell.swift */,
				DFD5E73A2AD50650006E101F /* LogOutTableViewCell.swift */,
				DFD5E73B2AD50650006E101F /* SecondSectionTableViewCell.swift */,
				DFD5E73C2AD50650006E101F /* ThirdCellsTableViewCell.swift */,
				DFD5E73D2AD50650006E101F /* BankSetupTableViewCell.swift */,
				DFD5E73E2AD50650006E101F /* ProfileViewController.swift */,
				DFD5E73F2AD50650006E101F /* FirstEditSectionTableViewCell.swift */,
				DFD5E7402AD50650006E101F /* PopLogOutViewController.swift */,
			);
			path = Controller;
			sourceTree = "<group>";
		};
		DFD5E7412AD50650006E101F /* Home */ = {
			isa = PBXGroup;
			children = (
				DFD5E7912AD506F0006E101F /* Explore */,
				DFD5E7422AD50650006E101F /* Saved */,
				DFD5E7462AD50650006E101F /* ForYou */,
			);
			name = Home;
			path = "../../../ChaengHavCode/ios-we-commerce-ui/Easycart/Home";
			sourceTree = "<group>";
		};
		DFD5E7422AD50650006E101F /* Saved */ = {
			isa = PBXGroup;
			children = (
				DFD5E7432AD50650006E101F /* View */,
			);
			path = Saved;
			sourceTree = "<group>";
		};
		DFD5E7432AD50650006E101F /* View */ = {
			isa = PBXGroup;
			children = (
				DFD5E7442AD50650006E101F /* Controller */,
			);
			path = View;
			sourceTree = "<group>";
		};
		DFD5E7442AD50650006E101F /* Controller */ = {
			isa = PBXGroup;
			children = (
				DFD5E7452AD50650006E101F /* SaveViewController.swift */,
			);
			path = Controller;
			sourceTree = "<group>";
		};
		DFD5E7462AD50650006E101F /* ForYou */ = {
			isa = PBXGroup;
			children = (
				DFD5E7472AD50650006E101F /* Model */,
				DFD5E7492AD50650006E101F /* View */,
			);
			path = ForYou;
			sourceTree = "<group>";
		};
		DFD5E7472AD50650006E101F /* Model */ = {
			isa = PBXGroup;
			children = (
				DFD5E7482AD50650006E101F /* collection.swift */,
			);
			path = Model;
			sourceTree = "<group>";
		};
		DFD5E7492AD50650006E101F /* View */ = {
			isa = PBXGroup;
			children = (
				DFD5E74A2AD50650006E101F /* Storyboard */,
				DFD5E74C2AD50650006E101F /* Controller */,
			);
			path = View;
			sourceTree = "<group>";
		};
		DFD5E74A2AD50650006E101F /* Storyboard */ = {
			isa = PBXGroup;
			children = (
				DFD5E74B2AD50650006E101F /* CutomCollectionViewCell.xib */,
			);
			path = Storyboard;
			sourceTree = "<group>";
		};
		DFD5E74C2AD50650006E101F /* Controller */ = {
			isa = PBXGroup;
			children = (
				DFD5E74D2AD50650006E101F /* TabMainViewController.swift */,
				DFD5E74E2AD50650006E101F /* CollectionViewCell.swift */,
				DFD5E74F2AD50650006E101F /* HomeViewController.swift */,
				DFD5E7502AD50650006E101F /* CutomCollectionViewCell.swift */,
				DFD5E7512AD50650006E101F /* CustomTabBar.swift */,
				DFD5E7522AD50650006E101F /* CollectionViewController.swift */,
			);
			path = Controller;
			sourceTree = "<group>";
		};
		DFD5E7912AD506F0006E101F /* Explore */ = {
			isa = PBXGroup;
			children = (
				DFD5E7922AD506F0006E101F /* Model */,
				DFD5E7952AD506F0006E101F /* View */,
			);
			name = Explore;
			path = "../../../../Salin/ios-we-commerce-ui/Easycart/Home/Explore";
			sourceTree = "<group>";
		};
		DFD5E7922AD506F0006E101F /* Model */ = {
			isa = PBXGroup;
			children = (
				DFD5E7932AD506F0006E101F /* CategoryModel.swift */,
				DFD5E7942AD506F0006E101F /* TopItemsModel.swift */,
			);
			path = Model;
			sourceTree = "<group>";
		};
		DFD5E7952AD506F0006E101F /* View */ = {
			isa = PBXGroup;
			children = (
				DFD5E7962AD506F0006E101F /* Storyboard */,
				DFD5E7982AD506F0006E101F /* Controller */,
			);
			path = View;
			sourceTree = "<group>";
		};
		DFD5E7962AD506F0006E101F /* Storyboard */ = {
			isa = PBXGroup;
			children = (
				DFD5E7972AD506F0006E101F /* Explore.storyboard */,
			);
			path = Storyboard;
			sourceTree = "<group>";
		};
		DFD5E7982AD506F0006E101F /* Controller */ = {
			isa = PBXGroup;
			children = (
				DFD5E7992AD506F0006E101F /* TableCell */,
				DFD5E7A02AD506F0006E101F /* ExploreViewController.swift */,
			);
			path = Controller;
			sourceTree = "<group>";
		};
		DFD5E7992AD506F0006E101F /* TableCell */ = {
			isa = PBXGroup;
			children = (
				DFD5E79A2AD506F0006E101F /* CategoryCollectionViewCell */,
				DFD5E79D2AD506F0006E101F /* TopItems */,
			);
			path = TableCell;
			sourceTree = "<group>";
		};
		DFD5E79A2AD506F0006E101F /* CategoryCollectionViewCell */ = {
			isa = PBXGroup;
			children = (
				DFD5E79B2AD506F0006E101F /* CategoryCollectionViewCell.swift */,
				DFD5E79C2AD506F0006E101F /* CategoryCollectionViewCell.xib */,
			);
			path = CategoryCollectionViewCell;
			sourceTree = "<group>";
		};
		DFD5E79D2AD506F0006E101F /* TopItems */ = {
			isa = PBXGroup;
			children = (
				DFD5E79E2AD506F0006E101F /* ExploreTableViewCell.swift */,
				DFD5E79F2AD506F0006E101F /* ExploreTableViewCell.xib */,
			);
			path = TopItems;
			sourceTree = "<group>";
		};
		DFD5E7A92AD50A8D006E101F /* View */ = {
			isa = PBXGroup;
			children = (
				DFD5E7AA2AD50A8D006E101F /* Storyboard */,
				DFD5E7B42AD50A8D006E101F /* Controller */,
			);
			name = View;
			path = "../../../../HitoCode/ios-we-commerce-ui/Easycart/Search/View";
			sourceTree = "<group>";
		};
		DFD5E7AA2AD50A8D006E101F /* Storyboard */ = {
			isa = PBXGroup;
			children = (
				DFD5E7AB2AD50A8D006E101F /* CategoryNibCell.xib */,
				DFD5E7AC2AD50A8D006E101F /* RecentCollectionNibCell.xib */,
				DFD5E7AE2AD50A8D006E101F /* CategoryNibCell.swift */,
				DFD5E7AF2AD50A8D006E101F /* PopularNibCell.swift */,
				DFD5E7B02AD50A8D006E101F /* PopularNibCell.xib */,
				DFD5E7B12AD50A8D006E101F /* PopularSection.swift */,
				DFD5E7B22AD50A8D006E101F /* SectionCellNib.swift */,
				DFD5E7B32AD50A8D006E101F /* RecentCollectionNibCell.swift */,
			);
			path = Storyboard;
			sourceTree = "<group>";
		};
		DFD5E7B42AD50A8D006E101F /* Controller */ = {
			isa = PBXGroup;
			children = (
				DFD5E7B52AD50A8D006E101F /* SearchController.swift */,
			);
			path = Controller;
			sourceTree = "<group>";
		};
		DFD5E7C02AD50BBF006E101F /* Create */ = {
			isa = PBXGroup;
			children = (
				DFD5E7C12AD50BD7006E101F /* View */,
			);
			path = Create;
			sourceTree = "<group>";
		};
		DFD5E7C12AD50BD7006E101F /* View */ = {
			isa = PBXGroup;
			children = (
				DFD5E7C22AD50BD7006E101F /* TableCell */,
				DFD5E7D72AD50BD7006E101F /* Storyboard */,
				DFD5E7D92AD50BD7006E101F /* Controller */,
			);
			name = View;
			path = "../../../../SreyNuthCode/ios-we-commerce-ui/Easycart/Create/View";
			sourceTree = "<group>";
		};
		DFD5E7C22AD50BD7006E101F /* TableCell */ = {
			isa = PBXGroup;
			children = (
				DFD5E7C32AD50BD7006E101F /* category */,
				DFD5E7C62AD50BD7006E101F /* Info */,
				DFD5E7CF2AD50BD7006E101F /* photo */,
			);
			path = TableCell;
			sourceTree = "<group>";
		};
		DFD5E7C32AD50BD7006E101F /* category */ = {
			isa = PBXGroup;
			children = (
				DFD5E7C42AD50BD7006E101F /* CategoryData.swift */,
				DFD5E7C52AD50BD7006E101F /* CategoryTVC.swift */,
			);
			path = category;
			sourceTree = "<group>";
		};
		DFD5E7C62AD50BD7006E101F /* Info */ = {
			isa = PBXGroup;
			children = (
				DFD5E7C72AD50BD7006E101F /* category */,
				DFD5E7CA2AD50BD7006E101F /* Name.swift */,
				DFD5E7CB2AD50BD7006E101F /* titlePrice */,
			);
			path = Info;
			sourceTree = "<group>";
		};
		DFD5E7C72AD50BD7006E101F /* category */ = {
			isa = PBXGroup;
			children = (
				DFD5E7C82AD50BD7006E101F /* InfoTVC.xib */,
				DFD5E7C92AD50BD7006E101F /* InfoTVC.swift */,
			);
			path = category;
			sourceTree = "<group>";
		};
		DFD5E7CB2AD50BD7006E101F /* titlePrice */ = {
			isa = PBXGroup;
			children = (
				DFD5E7CC2AD50BD7006E101F /* Data.swift */,
				DFD5E7CD2AD50BD7006E101F /* CustomeFieldTVC.swift */,
				DFD5E7CE2AD50BD7006E101F /* CustomeFieldTVC.xib */,
			);
			path = titlePrice;
			sourceTree = "<group>";
		};
		DFD5E7CF2AD50BD7006E101F /* photo */ = {
			isa = PBXGroup;
			children = (
				DFD5E7D02AD50BD7006E101F /* collectionImage */,
				DFD5E7D32AD50BD7006E101F /* BeforeAddTVC.swift */,
				DFD5E7D42AD50BD7006E101F /* collectionButton */,
			);
			path = photo;
			sourceTree = "<group>";
		};
		DFD5E7D02AD50BD7006E101F /* collectionImage */ = {
			isa = PBXGroup;
			children = (
				DFD5E7D12AD50BD7006E101F /* CollectionImageCVC.xib */,
				DFD5E7D22AD50BD7006E101F /* CollectionImageCVC.swift */,
			);
			path = collectionImage;
			sourceTree = "<group>";
		};
		DFD5E7D42AD50BD7006E101F /* collectionButton */ = {
			isa = PBXGroup;
			children = (
				DFD5E7D52AD50BD7006E101F /* ButtonCVC.swift */,
				DFD5E7D62AD50BD7006E101F /* ButtonCVC.xib */,
			);
			path = collectionButton;
			sourceTree = "<group>";
		};
		DFD5E7D72AD50BD7006E101F /* Storyboard */ = {
			isa = PBXGroup;
			children = (
				DFD5E7D82AD50BD7006E101F /* CreateItemSB.storyboard */,
			);
			path = Storyboard;
			sourceTree = "<group>";
		};
		DFD5E7D92AD50BD7006E101F /* Controller */ = {
			isa = PBXGroup;
			children = (
				DFD5E7DA2AD50BD7006E101F /* CreateItemVC.swift */,
				DFD5E7DB2AD50BD7006E101F /* CategoryTC.swift */,
			);
			path = Controller;
			sourceTree = "<group>";
		};
/* End PBXGroup section */

/* Begin PBXNativeTarget section */
		C2BD61D02AD3B7A100939CA7 /* EasyCart */ = {
			isa = PBXNativeTarget;
			buildConfigurationList = C2BD61E82AD3B7A300939CA7 /* Build configuration list for PBXNativeTarget "EasyCart" */;
			buildPhases = (
				3A56BC186CF1AD1BCCB1C207 /* [CP] Check Pods Manifest.lock */,
				C2BD61CD2AD3B7A100939CA7 /* Sources */,
				C2BD61CE2AD3B7A100939CA7 /* Frameworks */,
				C2BD61CF2AD3B7A100939CA7 /* Resources */,
				B7E89664C4D1A15692D4C10D /* [CP] Embed Pods Frameworks */,
			);
			buildRules = (
			);
			dependencies = (
			);
			name = EasyCart;
			packageProductDependencies = (
				DFD5E7ED2AD50CB4006E101F /* Kingfisher */,
			);
			productName = EasyCart;
			productReference = C2BD61D12AD3B7A100939CA7 /* EasyCart.app */;
			productType = "com.apple.product-type.application";
		};
/* End PBXNativeTarget section */

/* Begin PBXProject section */
		C2BD61C92AD3B7A100939CA7 /* Project object */ = {
			isa = PBXProject;
			attributes = {
				BuildIndependentTargetsInParallel = 1;
				LastSwiftUpdateCheck = 1430;
				LastUpgradeCheck = 1430;
				TargetAttributes = {
					C2BD61D02AD3B7A100939CA7 = {
						CreatedOnToolsVersion = 14.3.1;
					};
				};
			};
			buildConfigurationList = C2BD61CC2AD3B7A100939CA7 /* Build configuration list for PBXProject "EasyCart" */;
			compatibilityVersion = "Xcode 14.0";
			developmentRegion = en;
			hasScannedForEncodings = 0;
			knownRegions = (
				en,
				Base,
			);
			mainGroup = C2BD61C82AD3B7A100939CA7;
			packageReferences = (
				DFD5E7EC2AD50CB4006E101F /* XCRemoteSwiftPackageReference "Kingfisher" */,
			);
			productRefGroup = C2BD61D22AD3B7A100939CA7 /* Products */;
			projectDirPath = "";
			projectRoot = "";
			targets = (
				C2BD61D02AD3B7A100939CA7 /* EasyCart */,
			);
		};
/* End PBXProject section */

/* Begin PBXResourcesBuildPhase section */
		C2BD61CF2AD3B7A100939CA7 /* Resources */ = {
			isa = PBXResourcesBuildPhase;
			buildActionMask = 2147483647;
			files = (
				DFD5E7B62AD50A8E006E101F /* CategoryNibCell.xib in Resources */,
				DFD5E7702AD50650006E101F /* ThirdSectionTableViewCell.xib in Resources */,
				DFD5E7862AD50650006E101F /* CutomCollectionViewCell.xib in Resources */,
				DFD5E7732AD50650006E101F /* TableViewCell.xib in Resources */,
				DFD5E7A52AD506F0006E101F /* CategoryCollectionViewCell.xib in Resources */,
				DFD5E7A32AD506F0006E101F /* Explore.storyboard in Resources */,
				DFD5E7E92AD50BD7006E101F /* CreateItemSB.storyboard in Resources */,
				DFD5E7E82AD50BD7006E101F /* ButtonCVC.xib in Resources */,
				DFD5E7BB2AD50A8E006E101F /* PopularNibCell.xib in Resources */,
				DFD5E7E32AD50BD7006E101F /* CustomeFieldTVC.xib in Resources */,
				DFD5E7742AD50650006E101F /* BankSetupTableViewCell.xib in Resources */,
				DFD5E7DE2AD50BD7006E101F /* InfoTVC.xib in Resources */,
				DFD5E7752AD50650006E101F /* FirstEditSectionTableViewCell.xib in Resources */,
				DFD5E7772AD50650006E101F /* ThirdCellsTableViewCell.xib in Resources */,
				DFD5E7A72AD506F0006E101F /* ExploreTableViewCell.xib in Resources */,
				DFD5E7712AD50650006E101F /* Section1TableViewCell.xib in Resources */,
				DFD5E7642AD50650006E101F /* Assets.xcassets in Resources */,
				DFD5E7722AD50650006E101F /* SecondSectionTableViewCell.xib in Resources */,
				DFD5E7762AD50650006E101F /* LogOutTableViewCell.xib in Resources */,
				DFD5E7E42AD50BD7006E101F /* CollectionImageCVC.xib in Resources */,
				DFD5E7662AD50650006E101F /* Main.storyboard in Resources */,
				DFD5E7652AD50650006E101F /* LaunchScreen.storyboard in Resources */,
				DFD5E7B72AD50A8E006E101F /* RecentCollectionNibCell.xib in Resources */,
				DFD5E7632AD50650006E101F /* Storyboard1.storyboard in Resources */,
			);
			runOnlyForDeploymentPostprocessing = 0;
		};
/* End PBXResourcesBuildPhase section */

/* Begin PBXShellScriptBuildPhase section */
		3A56BC186CF1AD1BCCB1C207 /* [CP] Check Pods Manifest.lock */ = {
			isa = PBXShellScriptBuildPhase;
			buildActionMask = 2147483647;
			files = (
			);
			inputFileListPaths = (
			);
			inputPaths = (
				"${PODS_PODFILE_DIR_PATH}/Podfile.lock",
				"${PODS_ROOT}/Manifest.lock",
			);
			name = "[CP] Check Pods Manifest.lock";
			outputFileListPaths = (
			);
			outputPaths = (
				"$(DERIVED_FILE_DIR)/Pods-EasyCart-checkManifestLockResult.txt",
			);
			runOnlyForDeploymentPostprocessing = 0;
			shellPath = /bin/sh;
			shellScript = "diff \"${PODS_PODFILE_DIR_PATH}/Podfile.lock\" \"${PODS_ROOT}/Manifest.lock\" > /dev/null\nif [ $? != 0 ] ; then\n    # print error to STDERR\n    echo \"error: The sandbox is not in sync with the Podfile.lock. Run 'pod install' or update your CocoaPods installation.\" >&2\n    exit 1\nfi\n# This output is used by Xcode 'outputs' to avoid re-running this script phase.\necho \"SUCCESS\" > \"${SCRIPT_OUTPUT_FILE_0}\"\n";
			showEnvVarsInLog = 0;
		};
		B7E89664C4D1A15692D4C10D /* [CP] Embed Pods Frameworks */ = {
			isa = PBXShellScriptBuildPhase;
			buildActionMask = 2147483647;
			files = (
			);
			inputFileListPaths = (
				"${PODS_ROOT}/Target Support Files/Pods-EasyCart/Pods-EasyCart-frameworks-${CONFIGURATION}-input-files.xcfilelist",
			);
			name = "[CP] Embed Pods Frameworks";
			outputFileListPaths = (
				"${PODS_ROOT}/Target Support Files/Pods-EasyCart/Pods-EasyCart-frameworks-${CONFIGURATION}-output-files.xcfilelist",
			);
			runOnlyForDeploymentPostprocessing = 0;
			shellPath = /bin/sh;
			shellScript = "\"${PODS_ROOT}/Target Support Files/Pods-EasyCart/Pods-EasyCart-frameworks.sh\"\n";
			showEnvVarsInLog = 0;
		};
/* End PBXShellScriptBuildPhase section */

/* Begin PBXSourcesBuildPhase section */
		C2BD61CD2AD3B7A100939CA7 /* Sources */ = {
			isa = PBXSourcesBuildPhase;
			buildActionMask = 2147483647;
			files = (
				DFD5E7792AD50650006E101F /* ConnectBankViewController.swift in Sources */,
				DFD5E7DC2AD50BD7006E101F /* CategoryData.swift in Sources */,
				DFD5E7E62AD50BD7006E101F /* BeforeAddTVC.swift in Sources */,
				DFD5E77B2AD50650006E101F /* Section1TableViewCell.swift in Sources */,
				DFD5E76A2AD50650006E101F /* Section2.swift in Sources */,
				DFD5E7622AD50650006E101F /* ViewController.swift in Sources */,
				DFD5E78C2AD50650006E101F /* CollectionViewController.swift in Sources */,
				DFD5E7E52AD50BD7006E101F /* CollectionImageCVC.swift in Sources */,
				DFD5E7E02AD50BD7006E101F /* Name.swift in Sources */,
				DFD5E7E12AD50BD7006E101F /* Data.swift in Sources */,
				DFD5E7A62AD506F0006E101F /* ExploreTableViewCell.swift in Sources */,
				DFD5E7852AD50650006E101F /* collection.swift in Sources */,
				DFD5E7872AD50650006E101F /* TabMainViewController.swift in Sources */,
				DFD5E77E2AD50650006E101F /* SecondSectionTableViewCell.swift in Sources */,
				DFD5E7692AD50650006E101F /* SecondSection.swift in Sources */,
				DFD5E7E72AD50BD7006E101F /* ButtonCVC.swift in Sources */,
				DFD5E78B2AD50650006E101F /* CustomTabBar.swift in Sources */,
				DFD5E77C2AD50650006E101F /* TableViewCell.swift in Sources */,
				DFD5E7802AD50650006E101F /* BankSetupTableViewCell.swift in Sources */,
				DFD5E7612AD50650006E101F /* SceneDelegate.swift in Sources */,
				DFD5E76F2AD50650006E101F /* FirstSectionEdit.swift in Sources */,
				DFD5E7A42AD506F0006E101F /* CategoryCollectionViewCell.swift in Sources */,
				DFD5E76D2AD50650006E101F /* Section3.swift in Sources */,
				DFD5E7832AD50650006E101F /* PopLogOutViewController.swift in Sources */,
				DFD5E7882AD50650006E101F /* CollectionViewCell.swift in Sources */,
				DFD5E7602AD50650006E101F /* AppDelegate.swift in Sources */,
				DFD5E7842AD50650006E101F /* SaveViewController.swift in Sources */,
				DFD5E7822AD50650006E101F /* FirstEditSectionTableViewCell.swift in Sources */,
				DFD5E77A2AD50650006E101F /* EditProfileViewController.swift in Sources */,
				DFD5E7682AD50650006E101F /* NetworkConstans.swift in Sources */,
				DFD5E7A82AD506F0006E101F /* ExploreViewController.swift in Sources */,
				DFD5E7B92AD50A8E006E101F /* CategoryNibCell.swift in Sources */,
				DFD5E7672AD50650006E101F /* APICaller.swift in Sources */,
				DFD5E76C2AD50650006E101F /* Section1.swift in Sources */,
				DFD5E76B2AD50650006E101F /* Bank.swift in Sources */,
				DFD5E77D2AD50650006E101F /* LogOutTableViewCell.swift in Sources */,
				DFD5E7BC2AD50A8E006E101F /* PopularSection.swift in Sources */,
				DFD5E7BE2AD50A8E006E101F /* RecentCollectionNibCell.swift in Sources */,
				DFD5E7EB2AD50BD7006E101F /* CategoryTC.swift in Sources */,
				DFD5E77F2AD50650006E101F /* ThirdCellsTableViewCell.swift in Sources */,
				DFD5E7EA2AD50BD7006E101F /* CreateItemVC.swift in Sources */,
				DFD5E7BD2AD50A8E006E101F /* SectionCellNib.swift in Sources */,
				DFD5E76E2AD50650006E101F /* ThirdSection.swift in Sources */,
				DFD5E7892AD50650006E101F /* HomeViewController.swift in Sources */,
				DFD5E7782AD50650006E101F /* ThirdSectionTableViewCell.swift in Sources */,
				DFD5E7BA2AD50A8E006E101F /* PopularNibCell.swift in Sources */,
				DFD5E7BF2AD50A8E006E101F /* SearchController.swift in Sources */,
				DFD5E7DF2AD50BD7006E101F /* InfoTVC.swift in Sources */,
				DFD5E7812AD50650006E101F /* ProfileViewController.swift in Sources */,
				DFD5E7DD2AD50BD7006E101F /* CategoryTVC.swift in Sources */,
				DFD5E7A12AD506F0006E101F /* CategoryModel.swift in Sources */,
				DFD5E78A2AD50650006E101F /* CutomCollectionViewCell.swift in Sources */,
				DFD5E7E22AD50BD7006E101F /* CustomeFieldTVC.swift in Sources */,
				DFD5E7A22AD506F0006E101F /* TopItemsModel.swift in Sources */,
				C2BD61DF2AD3B7A100939CA7 /* EasyCart.xcdatamodeld in Sources */,
			);
			runOnlyForDeploymentPostprocessing = 0;
		};
/* End PBXSourcesBuildPhase section */

/* Begin PBXVariantGroup section */
		DFD5E71A2AD50650006E101F /* LaunchScreen.storyboard */ = {
			isa = PBXVariantGroup;
			children = (
				DFD5E71B2AD50650006E101F /* Base */,
			);
			name = LaunchScreen.storyboard;
			sourceTree = "<group>";
		};
		DFD5E71C2AD50650006E101F /* Main.storyboard */ = {
			isa = PBXVariantGroup;
			children = (
				DFD5E71D2AD50650006E101F /* Base */,
			);
			name = Main.storyboard;
			sourceTree = "<group>";
		};
/* End PBXVariantGroup section */

/* Begin XCBuildConfiguration section */
		C2BD61E62AD3B7A300939CA7 /* Debug */ = {
			isa = XCBuildConfiguration;
			buildSettings = {
				ALWAYS_SEARCH_USER_PATHS = NO;
				CLANG_ANALYZER_NONNULL = YES;
				CLANG_ANALYZER_NUMBER_OBJECT_CONVERSION = YES_AGGRESSIVE;
				CLANG_CXX_LANGUAGE_STANDARD = "gnu++20";
				CLANG_ENABLE_MODULES = YES;
				CLANG_ENABLE_OBJC_ARC = YES;
				CLANG_ENABLE_OBJC_WEAK = YES;
				CLANG_WARN_BLOCK_CAPTURE_AUTORELEASING = YES;
				CLANG_WARN_BOOL_CONVERSION = YES;
				CLANG_WARN_COMMA = YES;
				CLANG_WARN_CONSTANT_CONVERSION = YES;
				CLANG_WARN_DEPRECATED_OBJC_IMPLEMENTATIONS = YES;
				CLANG_WARN_DIRECT_OBJC_ISA_USAGE = YES_ERROR;
				CLANG_WARN_DOCUMENTATION_COMMENTS = YES;
				CLANG_WARN_EMPTY_BODY = YES;
				CLANG_WARN_ENUM_CONVERSION = YES;
				CLANG_WARN_INFINITE_RECURSION = YES;
				CLANG_WARN_INT_CONVERSION = YES;
				CLANG_WARN_NON_LITERAL_NULL_CONVERSION = YES;
				CLANG_WARN_OBJC_IMPLICIT_RETAIN_SELF = YES;
				CLANG_WARN_OBJC_LITERAL_CONVERSION = YES;
				CLANG_WARN_OBJC_ROOT_CLASS = YES_ERROR;
				CLANG_WARN_QUOTED_INCLUDE_IN_FRAMEWORK_HEADER = YES;
				CLANG_WARN_RANGE_LOOP_ANALYSIS = YES;
				CLANG_WARN_STRICT_PROTOTYPES = YES;
				CLANG_WARN_SUSPICIOUS_MOVE = YES;
				CLANG_WARN_UNGUARDED_AVAILABILITY = YES_AGGRESSIVE;
				CLANG_WARN_UNREACHABLE_CODE = YES;
				CLANG_WARN__DUPLICATE_METHOD_MATCH = YES;
				COPY_PHASE_STRIP = NO;
				DEBUG_INFORMATION_FORMAT = dwarf;
				ENABLE_STRICT_OBJC_MSGSEND = YES;
				ENABLE_TESTABILITY = YES;
				GCC_C_LANGUAGE_STANDARD = gnu11;
				GCC_DYNAMIC_NO_PIC = NO;
				GCC_NO_COMMON_BLOCKS = YES;
				GCC_OPTIMIZATION_LEVEL = 0;
				GCC_PREPROCESSOR_DEFINITIONS = (
					"DEBUG=1",
					"$(inherited)",
				);
				GCC_WARN_64_TO_32_BIT_CONVERSION = YES;
				GCC_WARN_ABOUT_RETURN_TYPE = YES_ERROR;
				GCC_WARN_UNDECLARED_SELECTOR = YES;
				GCC_WARN_UNINITIALIZED_AUTOS = YES_AGGRESSIVE;
				GCC_WARN_UNUSED_FUNCTION = YES;
				GCC_WARN_UNUSED_VARIABLE = YES;
				IPHONEOS_DEPLOYMENT_TARGET = 16.4;
				MTL_ENABLE_DEBUG_INFO = INCLUDE_SOURCE;
				MTL_FAST_MATH = YES;
				ONLY_ACTIVE_ARCH = YES;
				SDKROOT = iphoneos;
				SWIFT_ACTIVE_COMPILATION_CONDITIONS = DEBUG;
				SWIFT_OPTIMIZATION_LEVEL = "-Onone";
			};
			name = Debug;
		};
		C2BD61E72AD3B7A300939CA7 /* Release */ = {
			isa = XCBuildConfiguration;
			buildSettings = {
				ALWAYS_SEARCH_USER_PATHS = NO;
				CLANG_ANALYZER_NONNULL = YES;
				CLANG_ANALYZER_NUMBER_OBJECT_CONVERSION = YES_AGGRESSIVE;
				CLANG_CXX_LANGUAGE_STANDARD = "gnu++20";
				CLANG_ENABLE_MODULES = YES;
				CLANG_ENABLE_OBJC_ARC = YES;
				CLANG_ENABLE_OBJC_WEAK = YES;
				CLANG_WARN_BLOCK_CAPTURE_AUTORELEASING = YES;
				CLANG_WARN_BOOL_CONVERSION = YES;
				CLANG_WARN_COMMA = YES;
				CLANG_WARN_CONSTANT_CONVERSION = YES;
				CLANG_WARN_DEPRECATED_OBJC_IMPLEMENTATIONS = YES;
				CLANG_WARN_DIRECT_OBJC_ISA_USAGE = YES_ERROR;
				CLANG_WARN_DOCUMENTATION_COMMENTS = YES;
				CLANG_WARN_EMPTY_BODY = YES;
				CLANG_WARN_ENUM_CONVERSION = YES;
				CLANG_WARN_INFINITE_RECURSION = YES;
				CLANG_WARN_INT_CONVERSION = YES;
				CLANG_WARN_NON_LITERAL_NULL_CONVERSION = YES;
				CLANG_WARN_OBJC_IMPLICIT_RETAIN_SELF = YES;
				CLANG_WARN_OBJC_LITERAL_CONVERSION = YES;
				CLANG_WARN_OBJC_ROOT_CLASS = YES_ERROR;
				CLANG_WARN_QUOTED_INCLUDE_IN_FRAMEWORK_HEADER = YES;
				CLANG_WARN_RANGE_LOOP_ANALYSIS = YES;
				CLANG_WARN_STRICT_PROTOTYPES = YES;
				CLANG_WARN_SUSPICIOUS_MOVE = YES;
				CLANG_WARN_UNGUARDED_AVAILABILITY = YES_AGGRESSIVE;
				CLANG_WARN_UNREACHABLE_CODE = YES;
				CLANG_WARN__DUPLICATE_METHOD_MATCH = YES;
				COPY_PHASE_STRIP = NO;
				DEBUG_INFORMATION_FORMAT = "dwarf-with-dsym";
				ENABLE_NS_ASSERTIONS = NO;
				ENABLE_STRICT_OBJC_MSGSEND = YES;
				GCC_C_LANGUAGE_STANDARD = gnu11;
				GCC_NO_COMMON_BLOCKS = YES;
				GCC_WARN_64_TO_32_BIT_CONVERSION = YES;
				GCC_WARN_ABOUT_RETURN_TYPE = YES_ERROR;
				GCC_WARN_UNDECLARED_SELECTOR = YES;
				GCC_WARN_UNINITIALIZED_AUTOS = YES_AGGRESSIVE;
				GCC_WARN_UNUSED_FUNCTION = YES;
				GCC_WARN_UNUSED_VARIABLE = YES;
				IPHONEOS_DEPLOYMENT_TARGET = 16.4;
				MTL_ENABLE_DEBUG_INFO = NO;
				MTL_FAST_MATH = YES;
				SDKROOT = iphoneos;
				SWIFT_COMPILATION_MODE = wholemodule;
				SWIFT_OPTIMIZATION_LEVEL = "-O";
				VALIDATE_PRODUCT = YES;
			};
			name = Release;
		};
		C2BD61E92AD3B7A300939CA7 /* Debug */ = {
			isa = XCBuildConfiguration;
			baseConfigurationReference = 715820B38BEBF21726B84EF6 /* Pods-EasyCart.debug.xcconfig */;
			buildSettings = {
				ASSETCATALOG_COMPILER_APPICON_NAME = AppIcon;
				ASSETCATALOG_COMPILER_GLOBAL_ACCENT_COLOR_NAME = AccentColor;
				CODE_SIGN_STYLE = Automatic;
				CURRENT_PROJECT_VERSION = 1;
				GENERATE_INFOPLIST_FILE = YES;
				INFOPLIST_FILE = EasyCart/Info.plist;
				INFOPLIST_KEY_UIApplicationSupportsIndirectInputEvents = YES;
				INFOPLIST_KEY_UILaunchStoryboardName = LaunchScreen;
				INFOPLIST_KEY_UIMainStoryboardFile = Main;
				INFOPLIST_KEY_UISupportedInterfaceOrientations_iPad = "UIInterfaceOrientationPortrait UIInterfaceOrientationPortraitUpsideDown UIInterfaceOrientationLandscapeLeft UIInterfaceOrientationLandscapeRight";
				INFOPLIST_KEY_UISupportedInterfaceOrientations_iPhone = "UIInterfaceOrientationPortrait UIInterfaceOrientationLandscapeLeft UIInterfaceOrientationLandscapeRight";
				LD_RUNPATH_SEARCH_PATHS = (
					"$(inherited)",
					"@executable_path/Frameworks",
				);
				MARKETING_VERSION = 1.0;
				PRODUCT_BUNDLE_IDENTIFIER = com.UiKit.EasyCart;
				PRODUCT_NAME = "$(TARGET_NAME)";
				SWIFT_EMIT_LOC_STRINGS = YES;
				SWIFT_VERSION = 5.0;
				TARGETED_DEVICE_FAMILY = "1,2";
			};
			name = Debug;
		};
		C2BD61EA2AD3B7A300939CA7 /* Release */ = {
			isa = XCBuildConfiguration;
			baseConfigurationReference = 8751E22DCFDC3B7D611DDBA6 /* Pods-EasyCart.release.xcconfig */;
			buildSettings = {
				ASSETCATALOG_COMPILER_APPICON_NAME = AppIcon;
				ASSETCATALOG_COMPILER_GLOBAL_ACCENT_COLOR_NAME = AccentColor;
				CODE_SIGN_STYLE = Automatic;
				CURRENT_PROJECT_VERSION = 1;
				GENERATE_INFOPLIST_FILE = YES;
				INFOPLIST_FILE = EasyCart/Info.plist;
				INFOPLIST_KEY_UIApplicationSupportsIndirectInputEvents = YES;
				INFOPLIST_KEY_UILaunchStoryboardName = LaunchScreen;
				INFOPLIST_KEY_UIMainStoryboardFile = Main;
				INFOPLIST_KEY_UISupportedInterfaceOrientations_iPad = "UIInterfaceOrientationPortrait UIInterfaceOrientationPortraitUpsideDown UIInterfaceOrientationLandscapeLeft UIInterfaceOrientationLandscapeRight";
				INFOPLIST_KEY_UISupportedInterfaceOrientations_iPhone = "UIInterfaceOrientationPortrait UIInterfaceOrientationLandscapeLeft UIInterfaceOrientationLandscapeRight";
				LD_RUNPATH_SEARCH_PATHS = (
					"$(inherited)",
					"@executable_path/Frameworks",
				);
				MARKETING_VERSION = 1.0;
				PRODUCT_BUNDLE_IDENTIFIER = com.UiKit.EasyCart;
				PRODUCT_NAME = "$(TARGET_NAME)";
				SWIFT_EMIT_LOC_STRINGS = YES;
				SWIFT_VERSION = 5.0;
				TARGETED_DEVICE_FAMILY = "1,2";
			};
			name = Release;
		};
/* End XCBuildConfiguration section */

/* Begin XCConfigurationList section */
		C2BD61CC2AD3B7A100939CA7 /* Build configuration list for PBXProject "EasyCart" */ = {
			isa = XCConfigurationList;
			buildConfigurations = (
				C2BD61E62AD3B7A300939CA7 /* Debug */,
				C2BD61E72AD3B7A300939CA7 /* Release */,
			);
			defaultConfigurationIsVisible = 0;
			defaultConfigurationName = Release;
		};
		C2BD61E82AD3B7A300939CA7 /* Build configuration list for PBXNativeTarget "EasyCart" */ = {
			isa = XCConfigurationList;
			buildConfigurations = (
				C2BD61E92AD3B7A300939CA7 /* Debug */,
				C2BD61EA2AD3B7A300939CA7 /* Release */,
			);
			defaultConfigurationIsVisible = 0;
			defaultConfigurationName = Release;
		};
/* End XCConfigurationList section */

/* Begin XCRemoteSwiftPackageReference section */
		DFD5E7EC2AD50CB4006E101F /* XCRemoteSwiftPackageReference "Kingfisher" */ = {
			isa = XCRemoteSwiftPackageReference;
			repositoryURL = "https://github.com/onevcat/Kingfisher.git";
			requirement = {
				kind = upToNextMajorVersion;
				minimumVersion = 7.9.1;
			};
		};
/* End XCRemoteSwiftPackageReference section */

/* Begin XCSwiftPackageProductDependency section */
		DFD5E7ED2AD50CB4006E101F /* Kingfisher */ = {
			isa = XCSwiftPackageProductDependency;
			package = DFD5E7EC2AD50CB4006E101F /* XCRemoteSwiftPackageReference "Kingfisher" */;
			productName = Kingfisher;
		};
/* End XCSwiftPackageProductDependency section */

/* Begin XCVersionGroup section */
		C2BD61DD2AD3B7A100939CA7 /* EasyCart.xcdatamodeld */ = {
			isa = XCVersionGroup;
			children = (
				C2BD61DE2AD3B7A100939CA7 /* EasyCart.xcdatamodel */,
			);
			currentVersion = C2BD61DE2AD3B7A100939CA7 /* EasyCart.xcdatamodel */;
			path = EasyCart.xcdatamodeld;
			sourceTree = "<group>";
			versionGroupType = wrapper.xcdatamodel;
		};
/* End XCVersionGroup section */
	};
	rootObject = C2BD61C92AD3B7A100939CA7 /* Project object */;
}
